// !$*UTF8*$!
{
	archiveVersion = 1;
	classes = {
	};
	objectVersion = 46;
	objects = {

/* Begin PBXBuildFile section */
		1AC6FB21180E996B004C840B /* libcocos2d Mac.a in Frameworks */ = {isa = PBXBuildFile; fileRef = 1AC6FAF9180E9839004C840B /* libcocos2d Mac.a */; };
		1AC6FB30180E99EB004C840B /* libcocos2d iOS.a in Frameworks */ = {isa = PBXBuildFile; fileRef = 1AC6FB07180E9839004C840B /* libcocos2d iOS.a */; };
		1D60589F0D05DD5A006BFB54 /* Foundation.framework in Frameworks */ = {isa = PBXBuildFile; fileRef = 1D30AB110D05D00D00671497 /* Foundation.framework */; };
		1DF5F4E00D08C38300B7A737 /* UIKit.framework in Frameworks */ = {isa = PBXBuildFile; fileRef = 1DF5F4DF0D08C38300B7A737 /* UIKit.framework */; };
		288765A50DF7441C002DB57D /* CoreGraphics.framework in Frameworks */ = {isa = PBXBuildFile; fileRef = 288765A40DF7441C002DB57D /* CoreGraphics.framework */; };
		46880B8819C43A87006E1F66 /* AppDelegate.cpp in Sources */ = {isa = PBXBuildFile; fileRef = 46880B8419C43A87006E1F66 /* AppDelegate.cpp */; };
		46880B8919C43A87006E1F66 /* AppDelegate.cpp in Sources */ = {isa = PBXBuildFile; fileRef = 46880B8419C43A87006E1F66 /* AppDelegate.cpp */; };
		503AE10017EB989F00D1A890 /* AppController.mm in Sources */ = {isa = PBXBuildFile; fileRef = 503AE0FB17EB989F00D1A890 /* AppController.mm */; };
		503AE10117EB989F00D1A890 /* main.m in Sources */ = {isa = PBXBuildFile; fileRef = 503AE0FC17EB989F00D1A890 /* main.m */; };
		503AE10217EB989F00D1A890 /* RootViewController.mm in Sources */ = {isa = PBXBuildFile; fileRef = 503AE0FF17EB989F00D1A890 /* RootViewController.mm */; };
		503AE10517EB98FF00D1A890 /* main.cpp in Sources */ = {isa = PBXBuildFile; fileRef = 503AE10317EB98FF00D1A890 /* main.cpp */; };
		503AE11B17EB9C5A00D1A890 /* IOKit.framework in Frameworks */ = {isa = PBXBuildFile; fileRef = 503AE11A17EB9C5A00D1A890 /* IOKit.framework */; };
		5087E76317EB910900C73F5D /* Foundation.framework in Frameworks */ = {isa = PBXBuildFile; fileRef = 1D30AB110D05D00D00671497 /* Foundation.framework */; };
		5087E76717EB910900C73F5D /* libz.dylib in Frameworks */ = {isa = PBXBuildFile; fileRef = BF170DB412928DE900B8313A /* libz.dylib */; };
		5087E76817EB910900C73F5D /* QuartzCore.framework in Frameworks */ = {isa = PBXBuildFile; fileRef = BF1C47EA1293683800B63C5D /* QuartzCore.framework */; };
		5087E76917EB910900C73F5D /* OpenAL.framework in Frameworks */ = {isa = PBXBuildFile; fileRef = D44C620B132DFF330009C878 /* OpenAL.framework */; };
		5087E76A17EB910900C73F5D /* AVFoundation.framework in Frameworks */ = {isa = PBXBuildFile; fileRef = D44C620D132DFF430009C878 /* AVFoundation.framework */; };
		5087E76B17EB910900C73F5D /* AudioToolbox.framework in Frameworks */ = {isa = PBXBuildFile; fileRef = D44C620F132DFF4E0009C878 /* AudioToolbox.framework */; };
		5087E78917EB974C00C73F5D /* AppKit.framework in Frameworks */ = {isa = PBXBuildFile; fileRef = 5087E78817EB974C00C73F5D /* AppKit.framework */; };
		5087E78B17EB975400C73F5D /* OpenGL.framework in Frameworks */ = {isa = PBXBuildFile; fileRef = 5087E78A17EB975400C73F5D /* OpenGL.framework */; };
		521A8EA919F11F5000D177D7 /* fonts in Resources */ = {isa = PBXBuildFile; fileRef = 521A8EA819F11F5000D177D7 /* fonts */; };
		521A8EAA19F11F5000D177D7 /* fonts in Resources */ = {isa = PBXBuildFile; fileRef = 521A8EA819F11F5000D177D7 /* fonts */; };
		52B47A471A53D09C004E4C60 /* Security.framework in Frameworks */ = {isa = PBXBuildFile; fileRef = 52B47A461A53D09B004E4C60 /* Security.framework */; };
		BF0840951A9CD506003F0D76 /* BackgroundLayer.cpp in Sources */ = {isa = PBXBuildFile; fileRef = BF0840931A9CD506003F0D76 /* BackgroundLayer.cpp */; };
		BF0840961A9CD506003F0D76 /* BackgroundLayer.cpp in Sources */ = {isa = PBXBuildFile; fileRef = BF0840931A9CD506003F0D76 /* BackgroundLayer.cpp */; };
		BF08409B1A9CD84D003F0D76 /* CharacterDiceSprite.cpp in Sources */ = {isa = PBXBuildFile; fileRef = BF0840981A9CD84D003F0D76 /* CharacterDiceSprite.cpp */; };
		BF171245129291EC00B8313A /* OpenGLES.framework in Frameworks */ = {isa = PBXBuildFile; fileRef = BF170DB012928DE900B8313A /* OpenGLES.framework */; };
		BF1712471292920000B8313A /* libz.dylib in Frameworks */ = {isa = PBXBuildFile; fileRef = BF170DB412928DE900B8313A /* libz.dylib */; };
		BF1C47F01293687400B63C5D /* QuartzCore.framework in Frameworks */ = {isa = PBXBuildFile; fileRef = BF1C47EA1293683800B63C5D /* QuartzCore.framework */; };
		BF5B4B351A8F7616007636DE /* IntroScene.cpp in Sources */ = {isa = PBXBuildFile; fileRef = BF5B4B331A8F7616007636DE /* IntroScene.cpp */; };
		BF5B4B361A8F7616007636DE /* IntroScene.cpp in Sources */ = {isa = PBXBuildFile; fileRef = BF5B4B331A8F7616007636DE /* IntroScene.cpp */; };
		BF5B4B421A8F803F007636DE /* osx_assets.xcassets in Resources */ = {isa = PBXBuildFile; fileRef = BF5B4B3E1A8F7E3C007636DE /* osx_assets.xcassets */; };
		BF5B4B431A8F8042007636DE /* ios_assets.xcassets in Resources */ = {isa = PBXBuildFile; fileRef = BF5B4B401A8F7E6D007636DE /* ios_assets.xcassets */; };
		BF5B4B7F1A90E77A007636DE /* Game.cpp in Sources */ = {isa = PBXBuildFile; fileRef = BF5B4B7D1A90E77A007636DE /* Game.cpp */; };
		BF5B4B801A90E77A007636DE /* Game.cpp in Sources */ = {isa = PBXBuildFile; fileRef = BF5B4B7D1A90E77A007636DE /* Game.cpp */; };
		BF5B4B971A9214EC007636DE /* GameplayScene.cpp in Sources */ = {isa = PBXBuildFile; fileRef = BF5B4B951A9214EC007636DE /* GameplayScene.cpp */; };
		BF5B4B981A9214EC007636DE /* GameplayScene.cpp in Sources */ = {isa = PBXBuildFile; fileRef = BF5B4B951A9214EC007636DE /* GameplayScene.cpp */; };
		BF5B4BC01A94BA2C007636DE /* Player.cpp in Sources */ = {isa = PBXBuildFile; fileRef = BF5B4BBE1A94BA2C007636DE /* Player.cpp */; };
		BF5B4BC11A94BA2C007636DE /* Player.cpp in Sources */ = {isa = PBXBuildFile; fileRef = BF5B4BBE1A94BA2C007636DE /* Player.cpp */; };
		BF5B4BC81A94BA51007636DE /* Skill.cpp in Sources */ = {isa = PBXBuildFile; fileRef = BF5B4BC61A94BA51007636DE /* Skill.cpp */; };
		BF5B4BC91A94BA51007636DE /* Skill.cpp in Sources */ = {isa = PBXBuildFile; fileRef = BF5B4BC61A94BA51007636DE /* Skill.cpp */; };
		BF5B4BCC1A94BA91007636DE /* Dungeon.cpp in Sources */ = {isa = PBXBuildFile; fileRef = BF5B4BCA1A94BA91007636DE /* Dungeon.cpp */; };
		BF5B4BCD1A94BA91007636DE /* Dungeon.cpp in Sources */ = {isa = PBXBuildFile; fileRef = BF5B4BCA1A94BA91007636DE /* Dungeon.cpp */; };
		BF5B4BDC1A94BC6B007636DE /* GameObject.cpp in Sources */ = {isa = PBXBuildFile; fileRef = BF5B4BDA1A94BC6B007636DE /* GameObject.cpp */; };
		BF5B4BDD1A94BC6B007636DE /* GameObject.cpp in Sources */ = {isa = PBXBuildFile; fileRef = BF5B4BDA1A94BC6B007636DE /* GameObject.cpp */; };
		BF5B4BEB1A952E8D007636DE /* Dice.cpp in Sources */ = {isa = PBXBuildFile; fileRef = BF5B4BE91A952E8D007636DE /* Dice.cpp */; };
		BF5B4BEC1A952E8D007636DE /* Dice.cpp in Sources */ = {isa = PBXBuildFile; fileRef = BF5B4BE91A952E8D007636DE /* Dice.cpp */; };
		BF5B4C001A953981007636DE /* ActionDice.cpp in Sources */ = {isa = PBXBuildFile; fileRef = BF5B4BFE1A953981007636DE /* ActionDice.cpp */; };
		BF5B4C011A953981007636DE /* ActionDice.cpp in Sources */ = {isa = PBXBuildFile; fileRef = BF5B4BFE1A953981007636DE /* ActionDice.cpp */; };
		BF5B4C1E1A955DA4007636DE /* Monster.cpp in Sources */ = {isa = PBXBuildFile; fileRef = BF5B4C1C1A955DA4007636DE /* Monster.cpp */; };
		BF5B4C1F1A955DA4007636DE /* Monster.cpp in Sources */ = {isa = PBXBuildFile; fileRef = BF5B4C1C1A955DA4007636DE /* Monster.cpp */; };
		BF6A4D591AEE9882001FDF44 /* PlayerSkillsLayer.cpp in Sources */ = {isa = PBXBuildFile; fileRef = BF6A4D571AEE9882001FDF44 /* PlayerSkillsLayer.cpp */; };
		BF6A4D5A1AEE9882001FDF44 /* PlayerSkillsLayer.cpp in Sources */ = {isa = PBXBuildFile; fileRef = BF6A4D571AEE9882001FDF44 /* PlayerSkillsLayer.cpp */; };
		BF6D78D01AE416F3002D67C7 /* ActionDiceLayer.cpp in Sources */ = {isa = PBXBuildFile; fileRef = BF6D78CE1AE416F3002D67C7 /* ActionDiceLayer.cpp */; };
		BF6D78D11AE416F3002D67C7 /* ActionDiceLayer.cpp in Sources */ = {isa = PBXBuildFile; fileRef = BF6D78CE1AE416F3002D67C7 /* ActionDiceLayer.cpp */; };
		BF6D78DA1AE44973002D67C7 /* ActionDiceStateDisabled.cpp in Sources */ = {isa = PBXBuildFile; fileRef = BF6D78D81AE44973002D67C7 /* ActionDiceStateDisabled.cpp */; };
		BF6D78DB1AE44973002D67C7 /* ActionDiceStateDisabled.cpp in Sources */ = {isa = PBXBuildFile; fileRef = BF6D78D81AE44973002D67C7 /* ActionDiceStateDisabled.cpp */; };
		BF74CA7C1ADC834A0062F242 /* DiceSprite.cpp in Sources */ = {isa = PBXBuildFile; fileRef = BF74CA7B1ADC834A0062F242 /* DiceSprite.cpp */; };
		BF74CA7D1ADC834A0062F242 /* DiceSprite.cpp in Sources */ = {isa = PBXBuildFile; fileRef = BF74CA7B1ADC834A0062F242 /* DiceSprite.cpp */; };
		BF778C201AD8326C0009D168 /* hd in Resources */ = {isa = PBXBuildFile; fileRef = BF778C1C1AD8326C0009D168 /* hd */; };
		BF778C211AD8326C0009D168 /* hd in Resources */ = {isa = PBXBuildFile; fileRef = BF778C1C1AD8326C0009D168 /* hd */; };
		BF778C221AD8326C0009D168 /* md in Resources */ = {isa = PBXBuildFile; fileRef = BF778C1D1AD8326C0009D168 /* md */; };
		BF778C231AD8326C0009D168 /* md in Resources */ = {isa = PBXBuildFile; fileRef = BF778C1D1AD8326C0009D168 /* md */; };
		BF778C241AD8326C0009D168 /* sd in Resources */ = {isa = PBXBuildFile; fileRef = BF778C1E1AD8326C0009D168 /* sd */; };
		BF778C251AD8326C0009D168 /* sd in Resources */ = {isa = PBXBuildFile; fileRef = BF778C1E1AD8326C0009D168 /* sd */; };
		BF778C261AD8326C0009D168 /* ud in Resources */ = {isa = PBXBuildFile; fileRef = BF778C1F1AD8326C0009D168 /* ud */; };
		BF778C271AD8326C0009D168 /* ud in Resources */ = {isa = PBXBuildFile; fileRef = BF778C1F1AD8326C0009D168 /* ud */; };
		BFAA74431A9C0E1D00E45DF8 /* InitialRoom.cpp in Sources */ = {isa = PBXBuildFile; fileRef = BFAA74411A9C0E1D00E45DF8 /* InitialRoom.cpp */; };
		BFAA74441A9C0E1D00E45DF8 /* InitialRoom.cpp in Sources */ = {isa = PBXBuildFile; fileRef = BFAA74411A9C0E1D00E45DF8 /* InitialRoom.cpp */; };
		BFAA74481A9D37DA00E45DF8 /* RuneRoom.cpp in Sources */ = {isa = PBXBuildFile; fileRef = BFAA74461A9D37DA00E45DF8 /* RuneRoom.cpp */; };
		BFAA74491A9D37DA00E45DF8 /* RuneRoom.cpp in Sources */ = {isa = PBXBuildFile; fileRef = BFAA74461A9D37DA00E45DF8 /* RuneRoom.cpp */; };
		BFAA744C1A9D37E400E45DF8 /* MinorMonsterRoom.cpp in Sources */ = {isa = PBXBuildFile; fileRef = BFAA744A1A9D37E400E45DF8 /* MinorMonsterRoom.cpp */; };
		BFAA744D1A9D37E400E45DF8 /* MinorMonsterRoom.cpp in Sources */ = {isa = PBXBuildFile; fileRef = BFAA744A1A9D37E400E45DF8 /* MinorMonsterRoom.cpp */; };
		BFAA74501A9E8A4100E45DF8 /* CharacterDiceSprite.cpp in Sources */ = {isa = PBXBuildFile; fileRef = BF0840981A9CD84D003F0D76 /* CharacterDiceSprite.cpp */; };
		BFAE71D91A9E2BF0004902C1 /* RoomPlacement.cpp in Sources */ = {isa = PBXBuildFile; fileRef = BFAE71D71A9E2BF0004902C1 /* RoomPlacement.cpp */; };
		BFAE71DA1A9E2BFB004902C1 /* RoomPlacement.cpp in Sources */ = {isa = PBXBuildFile; fileRef = BFAE71D71A9E2BF0004902C1 /* RoomPlacement.cpp */; };
		BFBAE2A31AD171AD00A5FC9A /* ScrollableLayer.cpp in Sources */ = {isa = PBXBuildFile; fileRef = BFBAE2A11AD171AC00A5FC9A /* ScrollableLayer.cpp */; };
		BFBAE2A41AD171AD00A5FC9A /* ScrollableLayer.cpp in Sources */ = {isa = PBXBuildFile; fileRef = BFBAE2A11AD171AC00A5FC9A /* ScrollableLayer.cpp */; };
		BFBE57AD1AE0143400D93530 /* Shake.cpp in Sources */ = {isa = PBXBuildFile; fileRef = BFBE57AB1AE0143400D93530 /* Shake.cpp */; };
		BFBE57AE1AE0143400D93530 /* Shake.cpp in Sources */ = {isa = PBXBuildFile; fileRef = BFBE57AB1AE0143400D93530 /* Shake.cpp */; };
		BFC33C211AE803D300934C34 /* InitialTurn.cpp in Sources */ = {isa = PBXBuildFile; fileRef = BFC33C1F1AE803D300934C34 /* InitialTurn.cpp */; };
		BFC33C221AE803D300934C34 /* InitialTurn.cpp in Sources */ = {isa = PBXBuildFile; fileRef = BFC33C1F1AE803D300934C34 /* InitialTurn.cpp */; };
		BFC373951A9BFDDA00520751 /* DungeonRoom.cpp in Sources */ = {isa = PBXBuildFile; fileRef = BFC373931A9BFDDA00520751 /* DungeonRoom.cpp */; };
		BFC373991A9BFF7700520751 /* Character.cpp in Sources */ = {isa = PBXBuildFile; fileRef = BFC373971A9BFF7700520751 /* Character.cpp */; };
		BFC3739E1A9C02FA00520751 /* DiceFace.cpp in Sources */ = {isa = PBXBuildFile; fileRef = BFC3739C1A9C02FA00520751 /* DiceFace.cpp */; };
		BFC3739F1A9C02FA00520751 /* DiceFace.cpp in Sources */ = {isa = PBXBuildFile; fileRef = BFC3739C1A9C02FA00520751 /* DiceFace.cpp */; };
		BFC5975A1AD43D19007C03A7 /* DungeonTurn.cpp in Sources */ = {isa = PBXBuildFile; fileRef = BFC597551AD43D19007C03A7 /* DungeonTurn.cpp */; };
		BFC5975B1AD43D19007C03A7 /* DungeonTurn.cpp in Sources */ = {isa = PBXBuildFile; fileRef = BFC597551AD43D19007C03A7 /* DungeonTurn.cpp */; };
		BFC5975C1AD43D19007C03A7 /* PlayerTurn.cpp in Sources */ = {isa = PBXBuildFile; fileRef = BFC597571AD43D19007C03A7 /* PlayerTurn.cpp */; };
		BFC5975D1AD43D19007C03A7 /* PlayerTurn.cpp in Sources */ = {isa = PBXBuildFile; fileRef = BFC597571AD43D19007C03A7 /* PlayerTurn.cpp */; };
		BFD7AA2B1AED27430079C68E /* ActionDiceStateRolled.cpp in Sources */ = {isa = PBXBuildFile; fileRef = BFD7AA291AED27430079C68E /* ActionDiceStateRolled.cpp */; };
		BFD7AA2C1AED27430079C68E /* ActionDiceStateRolled.cpp in Sources */ = {isa = PBXBuildFile; fileRef = BFD7AA291AED27430079C68E /* ActionDiceStateRolled.cpp */; };
		BFD7AA311AEF0CCF0079C68E /* ActionDiceDragData.cpp in Sources */ = {isa = PBXBuildFile; fileRef = BFD7AA2F1AEF0CCF0079C68E /* ActionDiceDragData.cpp */; };
		BFD7AA321AEF0CCF0079C68E /* ActionDiceDragData.cpp in Sources */ = {isa = PBXBuildFile; fileRef = BFD7AA2F1AEF0CCF0079C68E /* ActionDiceDragData.cpp */; };
		BFD7AA351AF060170079C68E /* ActionDiceStateSpent.cpp in Sources */ = {isa = PBXBuildFile; fileRef = BFD7AA331AF060170079C68E /* ActionDiceStateSpent.cpp */; };
		BFD7AA361AF060170079C68E /* ActionDiceStateSpent.cpp in Sources */ = {isa = PBXBuildFile; fileRef = BFD7AA331AF060170079C68E /* ActionDiceStateSpent.cpp */; };
		BFDFE2671ADC2B8A00106124 /* ActionDiceStateNormal.cpp in Sources */ = {isa = PBXBuildFile; fileRef = BFDFE2651ADC2B8A00106124 /* ActionDiceStateNormal.cpp */; };
		BFDFE2681ADC2B8A00106124 /* ActionDiceStateNormal.cpp in Sources */ = {isa = PBXBuildFile; fileRef = BFDFE2651ADC2B8A00106124 /* ActionDiceStateNormal.cpp */; };
		BFDFE26B1ADC2CAE00106124 /* ActionDiceStateSelected.cpp in Sources */ = {isa = PBXBuildFile; fileRef = BFDFE2691ADC2CAE00106124 /* ActionDiceStateSelected.cpp */; };
		BFDFE26C1ADC2CAE00106124 /* ActionDiceStateSelected.cpp in Sources */ = {isa = PBXBuildFile; fileRef = BFDFE2691ADC2CAE00106124 /* ActionDiceStateSelected.cpp */; };
		BFE583A91AD6E41400A4E194 /* ActionDiceSprite.cpp in Sources */ = {isa = PBXBuildFile; fileRef = BFE583A71AD6E41400A4E194 /* ActionDiceSprite.cpp */; };
		BFE583AA1AD6E41400A4E194 /* ActionDiceSprite.cpp in Sources */ = {isa = PBXBuildFile; fileRef = BFE583A71AD6E41400A4E194 /* ActionDiceSprite.cpp */; };
		D44C620C132DFF330009C878 /* OpenAL.framework in Frameworks */ = {isa = PBXBuildFile; fileRef = D44C620B132DFF330009C878 /* OpenAL.framework */; };
		D44C620E132DFF430009C878 /* AVFoundation.framework in Frameworks */ = {isa = PBXBuildFile; fileRef = D44C620D132DFF430009C878 /* AVFoundation.framework */; };
		D44C6210132DFF4E0009C878 /* AudioToolbox.framework in Frameworks */ = {isa = PBXBuildFile; fileRef = D44C620F132DFF4E0009C878 /* AudioToolbox.framework */; };
		D6B0611B1803AB670077942B /* CoreMotion.framework in Frameworks */ = {isa = PBXBuildFile; fileRef = D6B0611A1803AB670077942B /* CoreMotion.framework */; };
/* End PBXBuildFile section */

/* Begin PBXContainerItemProxy section */
		1AC6FAF8180E9839004C840B /* PBXContainerItemProxy */ = {
			isa = PBXContainerItemProxy;
			containerPortal = 1AC6FAE5180E9839004C840B /* cocos2d_libs.xcodeproj */;
			proxyType = 2;
			remoteGlobalIDString = 1551A33F158F2AB200E66CFE;
			remoteInfo = "cocos2dx Mac";
		};
		1AC6FB06180E9839004C840B /* PBXContainerItemProxy */ = {
			isa = PBXContainerItemProxy;
			containerPortal = 1AC6FAE5180E9839004C840B /* cocos2d_libs.xcodeproj */;
			proxyType = 2;
			remoteGlobalIDString = A07A4D641783777C0073F6A7;
			remoteInfo = "cocos2dx iOS";
		};
		1AC6FB15180E9959004C840B /* PBXContainerItemProxy */ = {
			isa = PBXContainerItemProxy;
			containerPortal = 1AC6FAE5180E9839004C840B /* cocos2d_libs.xcodeproj */;
			proxyType = 1;
			remoteGlobalIDString = 1551A33E158F2AB200E66CFE;
			remoteInfo = "cocos2dx Mac";
		};
		1AC6FB24180E99E1004C840B /* PBXContainerItemProxy */ = {
			isa = PBXContainerItemProxy;
			containerPortal = 1AC6FAE5180E9839004C840B /* cocos2d_libs.xcodeproj */;
			proxyType = 1;
			remoteGlobalIDString = A07A4C241783777C0073F6A7;
			remoteInfo = "cocos2dx iOS";
		};
/* End PBXContainerItemProxy section */

/* Begin PBXFileReference section */
		1AC6FAE5180E9839004C840B /* cocos2d_libs.xcodeproj */ = {isa = PBXFileReference; lastKnownFileType = "wrapper.pb-project"; name = cocos2d_libs.xcodeproj; path = ../cocos2d/build/cocos2d_libs.xcodeproj; sourceTree = "<group>"; };
		1ACB3243164770DE00914215 /* libcurl.a */ = {isa = PBXFileReference; lastKnownFileType = archive.ar; name = libcurl.a; path = ../../cocos2dx/platform/third_party/ios/libraries/libcurl.a; sourceTree = "<group>"; };
		1D30AB110D05D00D00671497 /* Foundation.framework */ = {isa = PBXFileReference; lastKnownFileType = wrapper.framework; name = Foundation.framework; path = System/Library/Frameworks/Foundation.framework; sourceTree = SDKROOT; };
		1D6058910D05DD3D006BFB54 /* MasmorraDados iOS.app */ = {isa = PBXFileReference; explicitFileType = wrapper.application; includeInIndex = 0; path = "MasmorraDados iOS.app"; sourceTree = BUILT_PRODUCTS_DIR; };
		1DF5F4DF0D08C38300B7A737 /* UIKit.framework */ = {isa = PBXFileReference; lastKnownFileType = wrapper.framework; name = UIKit.framework; path = System/Library/Frameworks/UIKit.framework; sourceTree = SDKROOT; };
		288765A40DF7441C002DB57D /* CoreGraphics.framework */ = {isa = PBXFileReference; lastKnownFileType = wrapper.framework; name = CoreGraphics.framework; path = System/Library/Frameworks/CoreGraphics.framework; sourceTree = SDKROOT; };
		46880B8419C43A87006E1F66 /* AppDelegate.cpp */ = {isa = PBXFileReference; fileEncoding = 4; lastKnownFileType = sourcecode.cpp.cpp; path = AppDelegate.cpp; sourceTree = "<group>"; };
		46880B8519C43A87006E1F66 /* AppDelegate.h */ = {isa = PBXFileReference; fileEncoding = 4; lastKnownFileType = sourcecode.c.h; path = AppDelegate.h; sourceTree = "<group>"; };
		503AE0FA17EB989F00D1A890 /* AppController.h */ = {isa = PBXFileReference; fileEncoding = 4; lastKnownFileType = sourcecode.c.h; name = AppController.h; path = ios/AppController.h; sourceTree = SOURCE_ROOT; };
		503AE0FB17EB989F00D1A890 /* AppController.mm */ = {isa = PBXFileReference; fileEncoding = 4; lastKnownFileType = sourcecode.cpp.objcpp; name = AppController.mm; path = ios/AppController.mm; sourceTree = SOURCE_ROOT; };
		503AE0FC17EB989F00D1A890 /* main.m */ = {isa = PBXFileReference; fileEncoding = 4; lastKnownFileType = sourcecode.c.objc; name = main.m; path = ios/main.m; sourceTree = SOURCE_ROOT; };
		503AE0FD17EB989F00D1A890 /* Prefix.pch */ = {isa = PBXFileReference; fileEncoding = 4; lastKnownFileType = sourcecode.c.h; name = Prefix.pch; path = ios/Prefix.pch; sourceTree = SOURCE_ROOT; };
		503AE0FE17EB989F00D1A890 /* RootViewController.h */ = {isa = PBXFileReference; fileEncoding = 4; lastKnownFileType = sourcecode.c.h; name = RootViewController.h; path = ios/RootViewController.h; sourceTree = SOURCE_ROOT; };
		503AE0FF17EB989F00D1A890 /* RootViewController.mm */ = {isa = PBXFileReference; fileEncoding = 4; lastKnownFileType = sourcecode.cpp.objcpp; name = RootViewController.mm; path = ios/RootViewController.mm; sourceTree = SOURCE_ROOT; };
		503AE10317EB98FF00D1A890 /* main.cpp */ = {isa = PBXFileReference; fileEncoding = 4; lastKnownFileType = sourcecode.cpp.cpp; name = main.cpp; path = mac/main.cpp; sourceTree = "<group>"; };
		503AE10417EB98FF00D1A890 /* Prefix.pch */ = {isa = PBXFileReference; fileEncoding = 4; lastKnownFileType = sourcecode.c.h; name = Prefix.pch; path = mac/Prefix.pch; sourceTree = "<group>"; };
		503AE11117EB99EE00D1A890 /* libcurl.dylib */ = {isa = PBXFileReference; lastKnownFileType = "compiled.mach-o.dylib"; name = libcurl.dylib; path = usr/lib/libcurl.dylib; sourceTree = SDKROOT; };
		503AE11A17EB9C5A00D1A890 /* IOKit.framework */ = {isa = PBXFileReference; lastKnownFileType = wrapper.framework; name = IOKit.framework; path = System/Library/Frameworks/IOKit.framework; sourceTree = SDKROOT; };
		5087E76F17EB910900C73F5D /* MasmorraDados Mac.app */ = {isa = PBXFileReference; explicitFileType = wrapper.application; includeInIndex = 0; path = "MasmorraDados Mac.app"; sourceTree = BUILT_PRODUCTS_DIR; };
		5087E77C17EB970100C73F5D /* Info.plist */ = {isa = PBXFileReference; fileEncoding = 4; lastKnownFileType = text.plist; name = Info.plist; path = ios/Info.plist; sourceTree = "<group>"; };
		5087E78817EB974C00C73F5D /* AppKit.framework */ = {isa = PBXFileReference; lastKnownFileType = wrapper.framework; name = AppKit.framework; path = System/Library/Frameworks/AppKit.framework; sourceTree = SDKROOT; };
		5087E78A17EB975400C73F5D /* OpenGL.framework */ = {isa = PBXFileReference; lastKnownFileType = wrapper.framework; name = OpenGL.framework; path = System/Library/Frameworks/OpenGL.framework; sourceTree = SDKROOT; };
		521A8EA819F11F5000D177D7 /* fonts */ = {isa = PBXFileReference; lastKnownFileType = folder; path = fonts; sourceTree = "<group>"; };
		52B47A461A53D09B004E4C60 /* Security.framework */ = {isa = PBXFileReference; lastKnownFileType = wrapper.framework; name = Security.framework; path = Platforms/iPhoneOS.platform/Developer/SDKs/iPhoneOS8.1.sdk/System/Library/Frameworks/Security.framework; sourceTree = DEVELOPER_DIR; };
		BF0712431AD2E68C002252A9 /* CharacterMoveDelegate.h */ = {isa = PBXFileReference; fileEncoding = 4; lastKnownFileType = sourcecode.c.h; path = CharacterMoveDelegate.h; sourceTree = "<group>"; };
		BF0840931A9CD506003F0D76 /* BackgroundLayer.cpp */ = {isa = PBXFileReference; fileEncoding = 4; lastKnownFileType = sourcecode.cpp.cpp; path = BackgroundLayer.cpp; sourceTree = "<group>"; };
		BF0840941A9CD506003F0D76 /* BackgroundLayer.h */ = {isa = PBXFileReference; fileEncoding = 4; lastKnownFileType = sourcecode.c.h; path = BackgroundLayer.h; sourceTree = "<group>"; };
		BF0840981A9CD84D003F0D76 /* CharacterDiceSprite.cpp */ = {isa = PBXFileReference; fileEncoding = 4; lastKnownFileType = sourcecode.cpp.cpp; path = CharacterDiceSprite.cpp; sourceTree = "<group>"; };
		BF0840991A9CD84D003F0D76 /* CharacterDiceSprite.h */ = {isa = PBXFileReference; fileEncoding = 4; lastKnownFileType = sourcecode.c.h; path = CharacterDiceSprite.h; sourceTree = "<group>"; };
		BF170DB012928DE900B8313A /* OpenGLES.framework */ = {isa = PBXFileReference; lastKnownFileType = wrapper.framework; name = OpenGLES.framework; path = System/Library/Frameworks/OpenGLES.framework; sourceTree = SDKROOT; };
		BF170DB412928DE900B8313A /* libz.dylib */ = {isa = PBXFileReference; lastKnownFileType = "compiled.mach-o.dylib"; name = libz.dylib; path = usr/lib/libz.dylib; sourceTree = SDKROOT; };
		BF1C47EA1293683800B63C5D /* QuartzCore.framework */ = {isa = PBXFileReference; lastKnownFileType = wrapper.framework; name = QuartzCore.framework; path = System/Library/Frameworks/QuartzCore.framework; sourceTree = SDKROOT; };
		BF5B4B331A8F7616007636DE /* IntroScene.cpp */ = {isa = PBXFileReference; fileEncoding = 4; lastKnownFileType = sourcecode.cpp.cpp; path = IntroScene.cpp; sourceTree = "<group>"; };
		BF5B4B341A8F7616007636DE /* IntroScene.h */ = {isa = PBXFileReference; fileEncoding = 4; lastKnownFileType = sourcecode.c.h; path = IntroScene.h; sourceTree = "<group>"; };
		BF5B4B3E1A8F7E3C007636DE /* osx_assets.xcassets */ = {isa = PBXFileReference; lastKnownFileType = folder.assetcatalog; name = osx_assets.xcassets; path = mac/osx_assets.xcassets; sourceTree = SOURCE_ROOT; };
		BF5B4B401A8F7E6D007636DE /* ios_assets.xcassets */ = {isa = PBXFileReference; lastKnownFileType = folder.assetcatalog; name = ios_assets.xcassets; path = ios/ios_assets.xcassets; sourceTree = SOURCE_ROOT; };
		BF5B4B441A8FD080007636DE /* Info.plist */ = {isa = PBXFileReference; fileEncoding = 4; lastKnownFileType = text.plist.xml; name = Info.plist; path = mac/Info.plist; sourceTree = "<group>"; };
		BF5B4B7D1A90E77A007636DE /* Game.cpp */ = {isa = PBXFileReference; fileEncoding = 4; lastKnownFileType = sourcecode.cpp.cpp; path = Game.cpp; sourceTree = "<group>"; };
		BF5B4B7E1A90E77A007636DE /* Game.h */ = {isa = PBXFileReference; fileEncoding = 4; lastKnownFileType = sourcecode.c.h; path = Game.h; sourceTree = "<group>"; };
		BF5B4B951A9214EC007636DE /* GameplayScene.cpp */ = {isa = PBXFileReference; fileEncoding = 4; lastKnownFileType = sourcecode.cpp.cpp; path = GameplayScene.cpp; sourceTree = "<group>"; };
		BF5B4B961A9214EC007636DE /* GameplayScene.h */ = {isa = PBXFileReference; fileEncoding = 4; lastKnownFileType = sourcecode.c.h; path = GameplayScene.h; sourceTree = "<group>"; };
		BF5B4BBE1A94BA2C007636DE /* Player.cpp */ = {isa = PBXFileReference; fileEncoding = 4; lastKnownFileType = sourcecode.cpp.cpp; path = Player.cpp; sourceTree = "<group>"; };
		BF5B4BBF1A94BA2C007636DE /* Player.h */ = {isa = PBXFileReference; fileEncoding = 4; lastKnownFileType = sourcecode.c.h; path = Player.h; sourceTree = "<group>"; };
		BF5B4BC61A94BA51007636DE /* Skill.cpp */ = {isa = PBXFileReference; fileEncoding = 4; lastKnownFileType = sourcecode.cpp.cpp; path = Skill.cpp; sourceTree = "<group>"; };
		BF5B4BC71A94BA51007636DE /* Skill.h */ = {isa = PBXFileReference; fileEncoding = 4; lastKnownFileType = sourcecode.c.h; path = Skill.h; sourceTree = "<group>"; };
		BF5B4BCA1A94BA91007636DE /* Dungeon.cpp */ = {isa = PBXFileReference; fileEncoding = 4; lastKnownFileType = sourcecode.cpp.cpp; path = Dungeon.cpp; sourceTree = "<group>"; };
		BF5B4BCB1A94BA91007636DE /* Dungeon.h */ = {isa = PBXFileReference; fileEncoding = 4; lastKnownFileType = sourcecode.c.h; path = Dungeon.h; sourceTree = "<group>"; };
		BF5B4BDA1A94BC6B007636DE /* GameObject.cpp */ = {isa = PBXFileReference; fileEncoding = 4; lastKnownFileType = sourcecode.cpp.cpp; path = GameObject.cpp; sourceTree = "<group>"; };
		BF5B4BDB1A94BC6B007636DE /* GameObject.h */ = {isa = PBXFileReference; fileEncoding = 4; lastKnownFileType = sourcecode.c.h; path = GameObject.h; sourceTree = "<group>"; };
		BF5B4BE91A952E8D007636DE /* Dice.cpp */ = {isa = PBXFileReference; fileEncoding = 4; lastKnownFileType = sourcecode.cpp.cpp; path = Dice.cpp; sourceTree = "<group>"; };
		BF5B4BEA1A952E8D007636DE /* Dice.h */ = {isa = PBXFileReference; fileEncoding = 4; lastKnownFileType = sourcecode.c.h; path = Dice.h; sourceTree = "<group>"; };
		BF5B4BFE1A953981007636DE /* ActionDice.cpp */ = {isa = PBXFileReference; fileEncoding = 4; lastKnownFileType = sourcecode.cpp.cpp; path = ActionDice.cpp; sourceTree = "<group>"; };
		BF5B4BFF1A953981007636DE /* ActionDice.h */ = {isa = PBXFileReference; fileEncoding = 4; lastKnownFileType = sourcecode.c.h; path = ActionDice.h; sourceTree = "<group>"; };
		BF5B4C1C1A955DA4007636DE /* Monster.cpp */ = {isa = PBXFileReference; fileEncoding = 4; lastKnownFileType = sourcecode.cpp.cpp; path = Monster.cpp; sourceTree = "<group>"; };
		BF5B4C1D1A955DA4007636DE /* Monster.h */ = {isa = PBXFileReference; fileEncoding = 4; lastKnownFileType = sourcecode.c.h; path = Monster.h; sourceTree = "<group>"; };
		BF6A4D571AEE9882001FDF44 /* PlayerSkillsLayer.cpp */ = {isa = PBXFileReference; fileEncoding = 4; lastKnownFileType = sourcecode.cpp.cpp; path = PlayerSkillsLayer.cpp; sourceTree = "<group>"; };
		BF6A4D581AEE9882001FDF44 /* PlayerSkillsLayer.h */ = {isa = PBXFileReference; fileEncoding = 4; lastKnownFileType = sourcecode.c.h; path = PlayerSkillsLayer.h; sourceTree = "<group>"; };
		BF6D78CE1AE416F3002D67C7 /* ActionDiceLayer.cpp */ = {isa = PBXFileReference; fileEncoding = 4; lastKnownFileType = sourcecode.cpp.cpp; path = ActionDiceLayer.cpp; sourceTree = "<group>"; };
		BF6D78CF1AE416F3002D67C7 /* ActionDiceLayer.h */ = {isa = PBXFileReference; fileEncoding = 4; lastKnownFileType = sourcecode.c.h; path = ActionDiceLayer.h; sourceTree = "<group>"; };
		BF6D78D81AE44973002D67C7 /* ActionDiceStateDisabled.cpp */ = {isa = PBXFileReference; fileEncoding = 4; lastKnownFileType = sourcecode.cpp.cpp; path = ActionDiceStateDisabled.cpp; sourceTree = "<group>"; };
		BF6D78D91AE44973002D67C7 /* ActionDiceStateDisabled.h */ = {isa = PBXFileReference; fileEncoding = 4; lastKnownFileType = sourcecode.c.h; path = ActionDiceStateDisabled.h; sourceTree = "<group>"; };
		BF74CA781ADC82520062F242 /* DiceSprite.h */ = {isa = PBXFileReference; fileEncoding = 4; lastKnownFileType = sourcecode.c.h; path = DiceSprite.h; sourceTree = "<group>"; };
		BF74CA7B1ADC834A0062F242 /* DiceSprite.cpp */ = {isa = PBXFileReference; fileEncoding = 4; lastKnownFileType = sourcecode.cpp.cpp; path = DiceSprite.cpp; sourceTree = "<group>"; };
		BF778C1C1AD8326C0009D168 /* hd */ = {isa = PBXFileReference; lastKnownFileType = folder; path = hd; sourceTree = "<group>"; };
		BF778C1D1AD8326C0009D168 /* md */ = {isa = PBXFileReference; lastKnownFileType = folder; path = md; sourceTree = "<group>"; };
		BF778C1E1AD8326C0009D168 /* sd */ = {isa = PBXFileReference; lastKnownFileType = folder; path = sd; sourceTree = "<group>"; };
		BF778C1F1AD8326C0009D168 /* ud */ = {isa = PBXFileReference; lastKnownFileType = folder; path = ud; sourceTree = "<group>"; };
		BFAA74411A9C0E1D00E45DF8 /* InitialRoom.cpp */ = {isa = PBXFileReference; fileEncoding = 4; lastKnownFileType = sourcecode.cpp.cpp; path = InitialRoom.cpp; sourceTree = "<group>"; };
		BFAA74421A9C0E1D00E45DF8 /* InitialRoom.h */ = {isa = PBXFileReference; fileEncoding = 4; lastKnownFileType = sourcecode.c.h; path = InitialRoom.h; sourceTree = "<group>"; };
		BFAA74461A9D37DA00E45DF8 /* RuneRoom.cpp */ = {isa = PBXFileReference; fileEncoding = 4; lastKnownFileType = sourcecode.cpp.cpp; path = RuneRoom.cpp; sourceTree = "<group>"; };
		BFAA74471A9D37DA00E45DF8 /* RuneRoom.h */ = {isa = PBXFileReference; fileEncoding = 4; lastKnownFileType = sourcecode.c.h; path = RuneRoom.h; sourceTree = "<group>"; };
		BFAA744A1A9D37E400E45DF8 /* MinorMonsterRoom.cpp */ = {isa = PBXFileReference; fileEncoding = 4; lastKnownFileType = sourcecode.cpp.cpp; path = MinorMonsterRoom.cpp; sourceTree = "<group>"; };
		BFAA744B1A9D37E400E45DF8 /* MinorMonsterRoom.h */ = {isa = PBXFileReference; fileEncoding = 4; lastKnownFileType = sourcecode.c.h; path = MinorMonsterRoom.h; sourceTree = "<group>"; };
		BFAE71D71A9E2BF0004902C1 /* RoomPlacement.cpp */ = {isa = PBXFileReference; fileEncoding = 4; lastKnownFileType = sourcecode.cpp.cpp; path = RoomPlacement.cpp; sourceTree = "<group>"; };
		BFAE71D81A9E2BF0004902C1 /* RoomPlacement.h */ = {isa = PBXFileReference; fileEncoding = 4; lastKnownFileType = sourcecode.c.h; path = RoomPlacement.h; sourceTree = "<group>"; };
		BFBAE2A11AD171AC00A5FC9A /* ScrollableLayer.cpp */ = {isa = PBXFileReference; fileEncoding = 4; lastKnownFileType = sourcecode.cpp.cpp; path = ScrollableLayer.cpp; sourceTree = "<group>"; };
		BFBAE2A21AD171AD00A5FC9A /* ScrollableLayer.h */ = {isa = PBXFileReference; fileEncoding = 4; lastKnownFileType = sourcecode.c.h; path = ScrollableLayer.h; sourceTree = "<group>"; };
		BFBE57AB1AE0143400D93530 /* Shake.cpp */ = {isa = PBXFileReference; fileEncoding = 4; lastKnownFileType = sourcecode.cpp.cpp; path = Shake.cpp; sourceTree = "<group>"; };
		BFBE57AC1AE0143400D93530 /* Shake.h */ = {isa = PBXFileReference; fileEncoding = 4; lastKnownFileType = sourcecode.c.h; path = Shake.h; sourceTree = "<group>"; };
		BFC33C1F1AE803D300934C34 /* InitialTurn.cpp */ = {isa = PBXFileReference; fileEncoding = 4; lastKnownFileType = sourcecode.cpp.cpp; path = InitialTurn.cpp; sourceTree = "<group>"; };
		BFC33C201AE803D300934C34 /* InitialTurn.h */ = {isa = PBXFileReference; fileEncoding = 4; lastKnownFileType = sourcecode.c.h; path = InitialTurn.h; sourceTree = "<group>"; };
		BFC373931A9BFDDA00520751 /* DungeonRoom.cpp */ = {isa = PBXFileReference; fileEncoding = 4; lastKnownFileType = sourcecode.cpp.cpp; path = DungeonRoom.cpp; sourceTree = "<group>"; };
		BFC373941A9BFDDA00520751 /* DungeonRoom.h */ = {isa = PBXFileReference; fileEncoding = 4; lastKnownFileType = sourcecode.c.h; path = DungeonRoom.h; sourceTree = "<group>"; };
		BFC373971A9BFF7700520751 /* Character.cpp */ = {isa = PBXFileReference; fileEncoding = 4; lastKnownFileType = sourcecode.cpp.cpp; path = Character.cpp; sourceTree = "<group>"; };
		BFC373981A9BFF7700520751 /* Character.h */ = {isa = PBXFileReference; fileEncoding = 4; lastKnownFileType = sourcecode.c.h; path = Character.h; sourceTree = "<group>"; };
		BFC3739C1A9C02FA00520751 /* DiceFace.cpp */ = {isa = PBXFileReference; fileEncoding = 4; lastKnownFileType = sourcecode.cpp.cpp; path = DiceFace.cpp; sourceTree = "<group>"; };
		BFC3739D1A9C02FA00520751 /* DiceFace.h */ = {isa = PBXFileReference; fileEncoding = 4; lastKnownFileType = sourcecode.c.h; path = DiceFace.h; sourceTree = "<group>"; };
		BFC597551AD43D19007C03A7 /* DungeonTurn.cpp */ = {isa = PBXFileReference; fileEncoding = 4; lastKnownFileType = sourcecode.cpp.cpp; path = DungeonTurn.cpp; sourceTree = "<group>"; };
		BFC597561AD43D19007C03A7 /* DungeonTurn.h */ = {isa = PBXFileReference; fileEncoding = 4; lastKnownFileType = sourcecode.c.h; path = DungeonTurn.h; sourceTree = "<group>"; };
		BFC597571AD43D19007C03A7 /* PlayerTurn.cpp */ = {isa = PBXFileReference; fileEncoding = 4; lastKnownFileType = sourcecode.cpp.cpp; path = PlayerTurn.cpp; sourceTree = "<group>"; };
		BFC597581AD43D19007C03A7 /* PlayerTurn.h */ = {isa = PBXFileReference; fileEncoding = 4; lastKnownFileType = sourcecode.c.h; path = PlayerTurn.h; sourceTree = "<group>"; };
		BFC597591AD43D19007C03A7 /* Turn.h */ = {isa = PBXFileReference; fileEncoding = 4; lastKnownFileType = sourcecode.c.h; path = Turn.h; sourceTree = "<group>"; };
		BFD36EDB1AF54BBE003701EC /* Events.h */ = {isa = PBXFileReference; fileEncoding = 4; lastKnownFileType = sourcecode.c.h; path = Events.h; sourceTree = "<group>"; };
		BFD36EDC1AF54BBE003701EC /* Images.h */ = {isa = PBXFileReference; fileEncoding = 4; lastKnownFileType = sourcecode.c.h; path = Images.h; sourceTree = "<group>"; };
		BFD36EDD1AF54C0B003701EC /* NodeNames.h */ = {isa = PBXFileReference; fileEncoding = 4; lastKnownFileType = sourcecode.c.h; path = NodeNames.h; sourceTree = "<group>"; };
		BFD36EDE1AF54C32003701EC /* Definitions.h */ = {isa = PBXFileReference; fileEncoding = 4; lastKnownFileType = sourcecode.c.h; path = Definitions.h; sourceTree = "<group>"; };
		BFD7AA291AED27430079C68E /* ActionDiceStateRolled.cpp */ = {isa = PBXFileReference; fileEncoding = 4; lastKnownFileType = sourcecode.cpp.cpp; path = ActionDiceStateRolled.cpp; sourceTree = "<group>"; };
		BFD7AA2A1AED27430079C68E /* ActionDiceStateRolled.h */ = {isa = PBXFileReference; fileEncoding = 4; lastKnownFileType = sourcecode.c.h; path = ActionDiceStateRolled.h; sourceTree = "<group>"; };
		BFD7AA2F1AEF0CCF0079C68E /* ActionDiceDragData.cpp */ = {isa = PBXFileReference; fileEncoding = 4; lastKnownFileType = sourcecode.cpp.cpp; path = ActionDiceDragData.cpp; sourceTree = "<group>"; };
		BFD7AA301AEF0CCF0079C68E /* ActionDiceDragData.h */ = {isa = PBXFileReference; fileEncoding = 4; lastKnownFileType = sourcecode.c.h; path = ActionDiceDragData.h; sourceTree = "<group>"; };
		BFD7AA331AF060170079C68E /* ActionDiceStateSpent.cpp */ = {isa = PBXFileReference; fileEncoding = 4; lastKnownFileType = sourcecode.cpp.cpp; path = ActionDiceStateSpent.cpp; sourceTree = "<group>"; };
		BFD7AA341AF060170079C68E /* ActionDiceStateSpent.h */ = {isa = PBXFileReference; fileEncoding = 4; lastKnownFileType = sourcecode.c.h; path = ActionDiceStateSpent.h; sourceTree = "<group>"; };
		BFDFE25E1ADC2B1D00106124 /* DiceState.h */ = {isa = PBXFileReference; fileEncoding = 4; lastKnownFileType = sourcecode.c.h; path = DiceState.h; sourceTree = "<group>"; };
		BFDFE2651ADC2B8A00106124 /* ActionDiceStateNormal.cpp */ = {isa = PBXFileReference; fileEncoding = 4; lastKnownFileType = sourcecode.cpp.cpp; path = ActionDiceStateNormal.cpp; sourceTree = "<group>"; };
		BFDFE2661ADC2B8A00106124 /* ActionDiceStateNormal.h */ = {isa = PBXFileReference; fileEncoding = 4; lastKnownFileType = sourcecode.c.h; path = ActionDiceStateNormal.h; sourceTree = "<group>"; };
		BFDFE2691ADC2CAE00106124 /* ActionDiceStateSelected.cpp */ = {isa = PBXFileReference; fileEncoding = 4; lastKnownFileType = sourcecode.cpp.cpp; path = ActionDiceStateSelected.cpp; sourceTree = "<group>"; };
		BFDFE26A1ADC2CAE00106124 /* ActionDiceStateSelected.h */ = {isa = PBXFileReference; fileEncoding = 4; lastKnownFileType = sourcecode.c.h; path = ActionDiceStateSelected.h; sourceTree = "<group>"; };
		BFE583A71AD6E41400A4E194 /* ActionDiceSprite.cpp */ = {isa = PBXFileReference; fileEncoding = 4; lastKnownFileType = sourcecode.cpp.cpp; path = ActionDiceSprite.cpp; sourceTree = "<group>"; };
		BFE583A81AD6E41400A4E194 /* ActionDiceSprite.h */ = {isa = PBXFileReference; fileEncoding = 4; lastKnownFileType = sourcecode.c.h; path = ActionDiceSprite.h; sourceTree = "<group>"; };
		D44C620B132DFF330009C878 /* OpenAL.framework */ = {isa = PBXFileReference; lastKnownFileType = wrapper.framework; name = OpenAL.framework; path = System/Library/Frameworks/OpenAL.framework; sourceTree = SDKROOT; };
		D44C620D132DFF430009C878 /* AVFoundation.framework */ = {isa = PBXFileReference; lastKnownFileType = wrapper.framework; name = AVFoundation.framework; path = System/Library/Frameworks/AVFoundation.framework; sourceTree = SDKROOT; };
		D44C620F132DFF4E0009C878 /* AudioToolbox.framework */ = {isa = PBXFileReference; lastKnownFileType = wrapper.framework; name = AudioToolbox.framework; path = System/Library/Frameworks/AudioToolbox.framework; sourceTree = SDKROOT; };
		D6B0611A1803AB670077942B /* CoreMotion.framework */ = {isa = PBXFileReference; lastKnownFileType = wrapper.framework; name = CoreMotion.framework; path = Platforms/iPhoneOS.platform/Developer/SDKs/iPhoneOS7.0.sdk/System/Library/Frameworks/CoreMotion.framework; sourceTree = DEVELOPER_DIR; };
/* End PBXFileReference section */

/* Begin PBXFrameworksBuildPhase section */
		1D60588F0D05DD3D006BFB54 /* Frameworks */ = {
			isa = PBXFrameworksBuildPhase;
			buildActionMask = 2147483647;
			files = (
				52B47A471A53D09C004E4C60 /* Security.framework in Frameworks */,
				1AC6FB30180E99EB004C840B /* libcocos2d iOS.a in Frameworks */,
				D6B0611B1803AB670077942B /* CoreMotion.framework in Frameworks */,
				1D60589F0D05DD5A006BFB54 /* Foundation.framework in Frameworks */,
				1DF5F4E00D08C38300B7A737 /* UIKit.framework in Frameworks */,
				288765A50DF7441C002DB57D /* CoreGraphics.framework in Frameworks */,
				BF171245129291EC00B8313A /* OpenGLES.framework in Frameworks */,
				BF1712471292920000B8313A /* libz.dylib in Frameworks */,
				BF1C47F01293687400B63C5D /* QuartzCore.framework in Frameworks */,
				D44C620C132DFF330009C878 /* OpenAL.framework in Frameworks */,
				D44C620E132DFF430009C878 /* AVFoundation.framework in Frameworks */,
				D44C6210132DFF4E0009C878 /* AudioToolbox.framework in Frameworks */,
			);
			runOnlyForDeploymentPostprocessing = 0;
		};
		5087E75C17EB910900C73F5D /* Frameworks */ = {
			isa = PBXFrameworksBuildPhase;
			buildActionMask = 2147483647;
			files = (
				1AC6FB21180E996B004C840B /* libcocos2d Mac.a in Frameworks */,
				5087E76717EB910900C73F5D /* libz.dylib in Frameworks */,
				503AE11B17EB9C5A00D1A890 /* IOKit.framework in Frameworks */,
				5087E78B17EB975400C73F5D /* OpenGL.framework in Frameworks */,
				5087E78917EB974C00C73F5D /* AppKit.framework in Frameworks */,
				5087E76317EB910900C73F5D /* Foundation.framework in Frameworks */,
				5087E76817EB910900C73F5D /* QuartzCore.framework in Frameworks */,
				5087E76917EB910900C73F5D /* OpenAL.framework in Frameworks */,
				5087E76A17EB910900C73F5D /* AVFoundation.framework in Frameworks */,
				5087E76B17EB910900C73F5D /* AudioToolbox.framework in Frameworks */,
			);
			runOnlyForDeploymentPostprocessing = 0;
		};
/* End PBXFrameworksBuildPhase section */

/* Begin PBXGroup section */
		080E96DDFE201D6D7F000001 /* ios */ = {
			isa = PBXGroup;
			children = (
				5087E77C17EB970100C73F5D /* Info.plist */,
				503AE0FA17EB989F00D1A890 /* AppController.h */,
				503AE0FB17EB989F00D1A890 /* AppController.mm */,
				503AE0FC17EB989F00D1A890 /* main.m */,
				503AE0FD17EB989F00D1A890 /* Prefix.pch */,
				503AE0FE17EB989F00D1A890 /* RootViewController.h */,
				503AE0FF17EB989F00D1A890 /* RootViewController.mm */,
			);
			name = ios;
			path = Classes;
			sourceTree = "<group>";
		};
		19C28FACFE9D520D11CA2CBB /* Products */ = {
			isa = PBXGroup;
			children = (
				1D6058910D05DD3D006BFB54 /* MasmorraDados iOS.app */,
				5087E76F17EB910900C73F5D /* MasmorraDados Mac.app */,
			);
			name = Products;
			sourceTree = "<group>";
		};
		1AC6FAE6180E9839004C840B /* Products */ = {
			isa = PBXGroup;
			children = (
				1AC6FAF9180E9839004C840B /* libcocos2d Mac.a */,
				1AC6FB07180E9839004C840B /* libcocos2d iOS.a */,
			);
			name = Products;
			sourceTree = "<group>";
		};
		29B97314FDCFA39411CA2CEA /* CustomTemplate */ = {
			isa = PBXGroup;
			children = (
				46880B8319C43A87006E1F66 /* Classes */,
				46880B7519C43A67006E1F66 /* Resources */,
				1AC6FAE5180E9839004C840B /* cocos2d_libs.xcodeproj */,
				29B97323FDCFA39411CA2CEA /* Frameworks */,
				080E96DDFE201D6D7F000001 /* ios */,
				503AE10617EB990700D1A890 /* mac */,
				19C28FACFE9D520D11CA2CBB /* Products */,
			);
			name = CustomTemplate;
			sourceTree = "<group>";
		};
		29B97323FDCFA39411CA2CEA /* Frameworks */ = {
			isa = PBXGroup;
			children = (
				52B47A461A53D09B004E4C60 /* Security.framework */,
				D6B0611A1803AB670077942B /* CoreMotion.framework */,
				503AE11A17EB9C5A00D1A890 /* IOKit.framework */,
				503AE11117EB99EE00D1A890 /* libcurl.dylib */,
				5087E78A17EB975400C73F5D /* OpenGL.framework */,
				5087E78817EB974C00C73F5D /* AppKit.framework */,
				1ACB3243164770DE00914215 /* libcurl.a */,
				BF170DB412928DE900B8313A /* libz.dylib */,
				D44C620F132DFF4E0009C878 /* AudioToolbox.framework */,
				D44C620D132DFF430009C878 /* AVFoundation.framework */,
				288765A40DF7441C002DB57D /* CoreGraphics.framework */,
				1D30AB110D05D00D00671497 /* Foundation.framework */,
				D44C620B132DFF330009C878 /* OpenAL.framework */,
				BF170DB012928DE900B8313A /* OpenGLES.framework */,
				BF1C47EA1293683800B63C5D /* QuartzCore.framework */,
				1DF5F4DF0D08C38300B7A737 /* UIKit.framework */,
			);
			name = Frameworks;
			sourceTree = "<group>";
		};
		46880B7519C43A67006E1F66 /* Resources */ = {
			isa = PBXGroup;
			children = (
				BF778C1E1AD8326C0009D168 /* sd */,
				BF778C1D1AD8326C0009D168 /* md */,
				BF778C1C1AD8326C0009D168 /* hd */,
				BF778C1F1AD8326C0009D168 /* ud */,
				BF5B4B401A8F7E6D007636DE /* ios_assets.xcassets */,
				BF5B4B3E1A8F7E3C007636DE /* osx_assets.xcassets */,
				521A8EA819F11F5000D177D7 /* fonts */,
			);
			name = Resources;
			path = ../Resources;
			sourceTree = "<group>";
		};
		46880B8319C43A87006E1F66 /* Classes */ = {
			isa = PBXGroup;
			children = (
				BFBE57AA1AE0142500D93530 /* animation */,
				BFD36EDA1AF54B90003701EC /* constants */,
				BF0712411AD2E679002252A9 /* delegate */,
				BFD7AA2E1AEF0CB40079C68E /* event_data */,
				BF0840921A9CD506003F0D76 /* layer */,
				BF5B4B311A8F75FA007636DE /* model */,
				BF5B4B321A8F75FA007636DE /* scene */,
				BF0840971A9CD541003F0D76 /* sprite */,
				46880B8419C43A87006E1F66 /* AppDelegate.cpp */,
				46880B8519C43A87006E1F66 /* AppDelegate.h */,
			);
			name = Classes;
			path = ../Classes;
			sourceTree = "<group>";
		};
		503AE10617EB990700D1A890 /* mac */ = {
			isa = PBXGroup;
			children = (
				BF5B4B441A8FD080007636DE /* Info.plist */,
				503AE10317EB98FF00D1A890 /* main.cpp */,
				503AE10417EB98FF00D1A890 /* Prefix.pch */,
			);
			name = mac;
			sourceTree = "<group>";
		};
		BF0712411AD2E679002252A9 /* delegate */ = {
			isa = PBXGroup;
			children = (
				BF0712431AD2E68C002252A9 /* CharacterMoveDelegate.h */,
			);
			path = delegate;
			sourceTree = "<group>";
		};
		BF0840921A9CD506003F0D76 /* layer */ = {
			isa = PBXGroup;
			children = (
				BF6D78CE1AE416F3002D67C7 /* ActionDiceLayer.cpp */,
				BF6D78CF1AE416F3002D67C7 /* ActionDiceLayer.h */,
				BF0840931A9CD506003F0D76 /* BackgroundLayer.cpp */,
				BF0840941A9CD506003F0D76 /* BackgroundLayer.h */,
				BF6A4D571AEE9882001FDF44 /* PlayerSkillsLayer.cpp */,
				BF6A4D581AEE9882001FDF44 /* PlayerSkillsLayer.h */,
				BFBAE2A11AD171AC00A5FC9A /* ScrollableLayer.cpp */,
				BFBAE2A21AD171AD00A5FC9A /* ScrollableLayer.h */,
			);
			path = layer;
			sourceTree = "<group>";
		};
		BF0840971A9CD541003F0D76 /* sprite */ = {
			isa = PBXGroup;
			children = (
				BFE583A71AD6E41400A4E194 /* ActionDiceSprite.cpp */,
				BFE583A81AD6E41400A4E194 /* ActionDiceSprite.h */,
				BF0840981A9CD84D003F0D76 /* CharacterDiceSprite.cpp */,
				BF0840991A9CD84D003F0D76 /* CharacterDiceSprite.h */,
				BF74CA7B1ADC834A0062F242 /* DiceSprite.cpp */,
				BF74CA781ADC82520062F242 /* DiceSprite.h */,
			);
			path = sprite;
			sourceTree = "<group>";
		};
		BF5B4B311A8F75FA007636DE /* model */ = {
			isa = PBXGroup;
			children = (
				BFC373961A9BFF7700520751 /* character */,
				BF5B4BE81A952E8D007636DE /* dice */,
				BFC3738F1A9BFD6C00520751 /* room */,
				BFC597541AD43D19007C03A7 /* turn */,
				BF5B4BCA1A94BA91007636DE /* Dungeon.cpp */,
				BF5B4BCB1A94BA91007636DE /* Dungeon.h */,
				BF5B4B7D1A90E77A007636DE /* Game.cpp */,
				BF5B4B7E1A90E77A007636DE /* Game.h */,
				BF5B4BDA1A94BC6B007636DE /* GameObject.cpp */,
				BF5B4BDB1A94BC6B007636DE /* GameObject.h */,
				BF5B4C1C1A955DA4007636DE /* Monster.cpp */,
				BF5B4C1D1A955DA4007636DE /* Monster.h */,
				BF5B4BBE1A94BA2C007636DE /* Player.cpp */,
				BF5B4BBF1A94BA2C007636DE /* Player.h */,
				BFAE71D71A9E2BF0004902C1 /* RoomPlacement.cpp */,
				BFAE71D81A9E2BF0004902C1 /* RoomPlacement.h */,
				BF5B4BC61A94BA51007636DE /* Skill.cpp */,
				BF5B4BC71A94BA51007636DE /* Skill.h */,
			);
			path = model;
			sourceTree = "<group>";
		};
		BF5B4B321A8F75FA007636DE /* scene */ = {
			isa = PBXGroup;
			children = (
				BF5B4B951A9214EC007636DE /* GameplayScene.cpp */,
				BF5B4B961A9214EC007636DE /* GameplayScene.h */,
				BF5B4B331A8F7616007636DE /* IntroScene.cpp */,
				BF5B4B341A8F7616007636DE /* IntroScene.h */,
			);
			path = scene;
			sourceTree = "<group>";
		};
		BF5B4BE81A952E8D007636DE /* dice */ = {
			isa = PBXGroup;
			children = (
				BFC3739A1A9C02E900520751 /* face */,
				BFDFE2641ADC2B7E00106124 /* state */,
				BF5B4BFE1A953981007636DE /* ActionDice.cpp */,
				BF5B4BFF1A953981007636DE /* ActionDice.h */,
				BF5B4BE91A952E8D007636DE /* Dice.cpp */,
				BF5B4BEA1A952E8D007636DE /* Dice.h */,
				BFDFE25E1ADC2B1D00106124 /* DiceState.h */,
			);
			path = dice;
			sourceTree = "<group>";
		};
		BFBE57AA1AE0142500D93530 /* animation */ = {
			isa = PBXGroup;
			children = (
				BFBE57AB1AE0143400D93530 /* Shake.cpp */,
				BFBE57AC1AE0143400D93530 /* Shake.h */,
			);
			path = animation;
			sourceTree = "<group>";
		};
		BFC3738F1A9BFD6C00520751 /* room */ = {
			isa = PBXGroup;
			children = (
				BFC373931A9BFDDA00520751 /* DungeonRoom.cpp */,
				BFC373941A9BFDDA00520751 /* DungeonRoom.h */,
				BFAA74411A9C0E1D00E45DF8 /* InitialRoom.cpp */,
				BFAA74421A9C0E1D00E45DF8 /* InitialRoom.h */,
				BFAA744A1A9D37E400E45DF8 /* MinorMonsterRoom.cpp */,
				BFAA744B1A9D37E400E45DF8 /* MinorMonsterRoom.h */,
				BFAA74461A9D37DA00E45DF8 /* RuneRoom.cpp */,
				BFAA74471A9D37DA00E45DF8 /* RuneRoom.h */,
			);
			path = room;
			sourceTree = "<group>";
		};
		BFC373961A9BFF7700520751 /* character */ = {
			isa = PBXGroup;
			children = (
				BFC373971A9BFF7700520751 /* Character.cpp */,
				BFC373981A9BFF7700520751 /* Character.h */,
			);
			path = character;
			sourceTree = "<group>";
		};
		BFC3739A1A9C02E900520751 /* face */ = {
			isa = PBXGroup;
			children = (
				BFC3739C1A9C02FA00520751 /* DiceFace.cpp */,
				BFC3739D1A9C02FA00520751 /* DiceFace.h */,
			);
			path = face;
			sourceTree = "<group>";
		};
		BFC597541AD43D19007C03A7 /* turn */ = {
			isa = PBXGroup;
			children = (
				BFC597551AD43D19007C03A7 /* DungeonTurn.cpp */,
				BFC597561AD43D19007C03A7 /* DungeonTurn.h */,
				BFC33C1F1AE803D300934C34 /* InitialTurn.cpp */,
				BFC33C201AE803D300934C34 /* InitialTurn.h */,
				BFC597571AD43D19007C03A7 /* PlayerTurn.cpp */,
				BFC597581AD43D19007C03A7 /* PlayerTurn.h */,
				BFC597591AD43D19007C03A7 /* Turn.h */,
			);
			path = turn;
			sourceTree = "<group>";
		};
		BFD36EDA1AF54B90003701EC /* constants */ = {
			isa = PBXGroup;
			children = (
				BFD36EDE1AF54C32003701EC /* Definitions.h */,
				BFD36EDB1AF54BBE003701EC /* Events.h */,
				BFD36EDC1AF54BBE003701EC /* Images.h */,
				BFD36EDD1AF54C0B003701EC /* NodeNames.h */,
			);
			path = constants;
			sourceTree = "<group>";
		};
		BFD7AA2E1AEF0CB40079C68E /* event_data */ = {
			isa = PBXGroup;
			children = (
				BFD7AA2F1AEF0CCF0079C68E /* ActionDiceDragData.cpp */,
				BFD7AA301AEF0CCF0079C68E /* ActionDiceDragData.h */,
			);
			path = event_data;
			sourceTree = "<group>";
		};
		BFDFE2641ADC2B7E00106124 /* state */ = {
			isa = PBXGroup;
			children = (
				BF6D78D81AE44973002D67C7 /* ActionDiceStateDisabled.cpp */,
				BF6D78D91AE44973002D67C7 /* ActionDiceStateDisabled.h */,
				BFDFE2651ADC2B8A00106124 /* ActionDiceStateNormal.cpp */,
				BFDFE2661ADC2B8A00106124 /* ActionDiceStateNormal.h */,
				BFD7AA291AED27430079C68E /* ActionDiceStateRolled.cpp */,
				BFD7AA2A1AED27430079C68E /* ActionDiceStateRolled.h */,
				BFDFE2691ADC2CAE00106124 /* ActionDiceStateSelected.cpp */,
				BFDFE26A1ADC2CAE00106124 /* ActionDiceStateSelected.h */,
				BFD7AA331AF060170079C68E /* ActionDiceStateSpent.cpp */,
				BFD7AA341AF060170079C68E /* ActionDiceStateSpent.h */,
			);
			path = state;
			sourceTree = "<group>";
		};
/* End PBXGroup section */

/* Begin PBXNativeTarget section */
		1D6058900D05DD3D006BFB54 /* MasmorraDados iOS */ = {
			isa = PBXNativeTarget;
			buildConfigurationList = 1D6058960D05DD3E006BFB54 /* Build configuration list for PBXNativeTarget "MasmorraDados iOS" */;
			buildPhases = (
				1D60588D0D05DD3D006BFB54 /* Resources */,
				1D60588E0D05DD3D006BFB54 /* Sources */,
				1D60588F0D05DD3D006BFB54 /* Frameworks */,
			);
			buildRules = (
			);
			dependencies = (
				1AC6FB25180E99E1004C840B /* PBXTargetDependency */,
			);
			name = "MasmorraDados iOS";
			productName = iphone;
			productReference = 1D6058910D05DD3D006BFB54 /* MasmorraDados iOS.app */;
			productType = "com.apple.product-type.application";
		};
		5087E73D17EB910900C73F5D /* MasmorraDados Mac */ = {
			isa = PBXNativeTarget;
			buildConfigurationList = 5087E76C17EB910900C73F5D /* Build configuration list for PBXNativeTarget "MasmorraDados Mac" */;
			buildPhases = (
				5087E74817EB910900C73F5D /* Resources */,
				5087E75617EB910900C73F5D /* Sources */,
				5087E75C17EB910900C73F5D /* Frameworks */,
			);
			buildRules = (
			);
			dependencies = (
				1AC6FB16180E9959004C840B /* PBXTargetDependency */,
			);
			name = "MasmorraDados Mac";
			productName = iphone;
			productReference = 5087E76F17EB910900C73F5D /* MasmorraDados Mac.app */;
			productType = "com.apple.product-type.application";
		};
/* End PBXNativeTarget section */

/* Begin PBXProject section */
		29B97313FDCFA39411CA2CEA /* Project object */ = {
			isa = PBXProject;
			attributes = {
				LastUpgradeCheck = 0500;
				TargetAttributes = {
					1D6058900D05DD3D006BFB54 = {
						DevelopmentTeam = BZP7G3CCW6;
					};
				};
			};
			buildConfigurationList = C01FCF4E08A954540054247B /* Build configuration list for PBXProject "MasmorraDados" */;
			compatibilityVersion = "Xcode 3.2";
			developmentRegion = English;
			hasScannedForEncodings = 1;
			knownRegions = (
				English,
				Japanese,
				French,
				German,
			);
			mainGroup = 29B97314FDCFA39411CA2CEA /* CustomTemplate */;
			projectDirPath = "";
			projectReferences = (
				{
					ProductGroup = 1AC6FAE6180E9839004C840B /* Products */;
					ProjectRef = 1AC6FAE5180E9839004C840B /* cocos2d_libs.xcodeproj */;
				},
			);
			projectRoot = "";
			targets = (
				1D6058900D05DD3D006BFB54 /* MasmorraDados iOS */,
				5087E73D17EB910900C73F5D /* MasmorraDados Mac */,
			);
		};
/* End PBXProject section */

/* Begin PBXReferenceProxy section */
		1AC6FAF9180E9839004C840B /* libcocos2d Mac.a */ = {
			isa = PBXReferenceProxy;
			fileType = archive.ar;
			path = "libcocos2d Mac.a";
			remoteRef = 1AC6FAF8180E9839004C840B /* PBXContainerItemProxy */;
			sourceTree = BUILT_PRODUCTS_DIR;
		};
		1AC6FB07180E9839004C840B /* libcocos2d iOS.a */ = {
			isa = PBXReferenceProxy;
			fileType = archive.ar;
			path = "libcocos2d iOS.a";
			remoteRef = 1AC6FB06180E9839004C840B /* PBXContainerItemProxy */;
			sourceTree = BUILT_PRODUCTS_DIR;
		};
/* End PBXReferenceProxy section */

/* Begin PBXResourcesBuildPhase section */
		1D60588D0D05DD3D006BFB54 /* Resources */ = {
			isa = PBXResourcesBuildPhase;
			buildActionMask = 2147483647;
			files = (
				BF778C261AD8326C0009D168 /* ud in Resources */,
				BF778C221AD8326C0009D168 /* md in Resources */,
				BF778C241AD8326C0009D168 /* sd in Resources */,
				BF5B4B431A8F8042007636DE /* ios_assets.xcassets in Resources */,
				521A8EA919F11F5000D177D7 /* fonts in Resources */,
				BF778C201AD8326C0009D168 /* hd in Resources */,
			);
			runOnlyForDeploymentPostprocessing = 0;
		};
		5087E74817EB910900C73F5D /* Resources */ = {
			isa = PBXResourcesBuildPhase;
			buildActionMask = 2147483647;
			files = (
				BF778C271AD8326C0009D168 /* ud in Resources */,
				BF778C231AD8326C0009D168 /* md in Resources */,
				BF778C251AD8326C0009D168 /* sd in Resources */,
				BF5B4B421A8F803F007636DE /* osx_assets.xcassets in Resources */,
				BF778C211AD8326C0009D168 /* hd in Resources */,
				521A8EAA19F11F5000D177D7 /* fonts in Resources */,
			);
			runOnlyForDeploymentPostprocessing = 0;
		};
/* End PBXResourcesBuildPhase section */

/* Begin PBXSourcesBuildPhase section */
		1D60588E0D05DD3D006BFB54 /* Sources */ = {
			isa = PBXSourcesBuildPhase;
			buildActionMask = 2147483647;
			files = (
				46880B8819C43A87006E1F66 /* AppDelegate.cpp in Sources */,
				BFC5975C1AD43D19007C03A7 /* PlayerTurn.cpp in Sources */,
				BF5B4C001A953981007636DE /* ActionDice.cpp in Sources */,
				BFC373951A9BFDDA00520751 /* DungeonRoom.cpp in Sources */,
				503AE10017EB989F00D1A890 /* AppController.mm in Sources */,
				BFC373991A9BFF7700520751 /* Character.cpp in Sources */,
				BF5B4B351A8F7616007636DE /* IntroScene.cpp in Sources */,
				BF5B4B971A9214EC007636DE /* GameplayScene.cpp in Sources */,
				503AE10217EB989F00D1A890 /* RootViewController.mm in Sources */,
				BFE583A91AD6E41400A4E194 /* ActionDiceSprite.cpp in Sources */,
				BFAA74481A9D37DA00E45DF8 /* RuneRoom.cpp in Sources */,
				BFAA74501A9E8A4100E45DF8 /* CharacterDiceSprite.cpp in Sources */,
				BF6D78DA1AE44973002D67C7 /* ActionDiceStateDisabled.cpp in Sources */,
				BFD7AA311AEF0CCF0079C68E /* ActionDiceDragData.cpp in Sources */,
				BFC33C211AE803D300934C34 /* InitialTurn.cpp in Sources */,
				BF5B4BEB1A952E8D007636DE /* Dice.cpp in Sources */,
				BF5B4C1E1A955DA4007636DE /* Monster.cpp in Sources */,
				BF74CA7C1ADC834A0062F242 /* DiceSprite.cpp in Sources */,
				BFBE57AD1AE0143400D93530 /* Shake.cpp in Sources */,
				BFBAE2A31AD171AD00A5FC9A /* ScrollableLayer.cpp in Sources */,
				503AE10117EB989F00D1A890 /* main.m in Sources */,
				BFC5975A1AD43D19007C03A7 /* DungeonTurn.cpp in Sources */,
				BFC3739E1A9C02FA00520751 /* DiceFace.cpp in Sources */,
				BF6D78D01AE416F3002D67C7 /* ActionDiceLayer.cpp in Sources */,
				BF5B4BC81A94BA51007636DE /* Skill.cpp in Sources */,
				BFAA74431A9C0E1D00E45DF8 /* InitialRoom.cpp in Sources */,
				BF5B4B7F1A90E77A007636DE /* Game.cpp in Sources */,
				BFD7AA351AF060170079C68E /* ActionDiceStateSpent.cpp in Sources */,
				BF6A4D591AEE9882001FDF44 /* PlayerSkillsLayer.cpp in Sources */,
				BF0840951A9CD506003F0D76 /* BackgroundLayer.cpp in Sources */,
				BFD7AA2B1AED27430079C68E /* ActionDiceStateRolled.cpp in Sources */,
				BF5B4BC01A94BA2C007636DE /* Player.cpp in Sources */,
				BF5B4BCC1A94BA91007636DE /* Dungeon.cpp in Sources */,
				BFAE71D91A9E2BF0004902C1 /* RoomPlacement.cpp in Sources */,
				BF5B4BDC1A94BC6B007636DE /* GameObject.cpp in Sources */,
				BFAA744C1A9D37E400E45DF8 /* MinorMonsterRoom.cpp in Sources */,
				BFDFE2671ADC2B8A00106124 /* ActionDiceStateNormal.cpp in Sources */,
				BFDFE26B1ADC2CAE00106124 /* ActionDiceStateSelected.cpp in Sources */,
			);
			runOnlyForDeploymentPostprocessing = 0;
		};
		5087E75617EB910900C73F5D /* Sources */ = {
			isa = PBXSourcesBuildPhase;
			buildActionMask = 2147483647;
			files = (
				BFAA74491A9D37DA00E45DF8 /* RuneRoom.cpp in Sources */,
				BF6D78DB1AE44973002D67C7 /* ActionDiceStateDisabled.cpp in Sources */,
				BF6A4D5A1AEE9882001FDF44 /* PlayerSkillsLayer.cpp in Sources */,
				46880B8919C43A87006E1F66 /* AppDelegate.cpp in Sources */,
				BFDFE26C1ADC2CAE00106124 /* ActionDiceStateSelected.cpp in Sources */,
				BFD7AA2C1AED27430079C68E /* ActionDiceStateRolled.cpp in Sources */,
				BF5B4B361A8F7616007636DE /* IntroScene.cpp in Sources */,
				BF5B4C1F1A955DA4007636DE /* Monster.cpp in Sources */,
				BF5B4BC11A94BA2C007636DE /* Player.cpp in Sources */,
				BFC5975B1AD43D19007C03A7 /* DungeonTurn.cpp in Sources */,
				BF5B4BEC1A952E8D007636DE /* Dice.cpp in Sources */,
				BFBE57AE1AE0143400D93530 /* Shake.cpp in Sources */,
				BFAA74441A9C0E1D00E45DF8 /* InitialRoom.cpp in Sources */,
				BFD7AA361AF060170079C68E /* ActionDiceStateSpent.cpp in Sources */,
				BF0840961A9CD506003F0D76 /* BackgroundLayer.cpp in Sources */,
				BF74CA7D1ADC834A0062F242 /* DiceSprite.cpp in Sources */,
				BFAE71DA1A9E2BFB004902C1 /* RoomPlacement.cpp in Sources */,
				BFC3739F1A9C02FA00520751 /* DiceFace.cpp in Sources */,
				BF5B4B981A9214EC007636DE /* GameplayScene.cpp in Sources */,
				BFC5975D1AD43D19007C03A7 /* PlayerTurn.cpp in Sources */,
				BF6D78D11AE416F3002D67C7 /* ActionDiceLayer.cpp in Sources */,
				BFD7AA321AEF0CCF0079C68E /* ActionDiceDragData.cpp in Sources */,
				BFAA744D1A9D37E400E45DF8 /* MinorMonsterRoom.cpp in Sources */,
				BFDFE2681ADC2B8A00106124 /* ActionDiceStateNormal.cpp in Sources */,
				BF5B4C011A953981007636DE /* ActionDice.cpp in Sources */,
				BF5B4BCD1A94BA91007636DE /* Dungeon.cpp in Sources */,
				BF08409B1A9CD84D003F0D76 /* CharacterDiceSprite.cpp in Sources */,
				BFBAE2A41AD171AD00A5FC9A /* ScrollableLayer.cpp in Sources */,
				BF5B4BC91A94BA51007636DE /* Skill.cpp in Sources */,
				BFC33C221AE803D300934C34 /* InitialTurn.cpp in Sources */,
				503AE10517EB98FF00D1A890 /* main.cpp in Sources */,
				BF5B4BDD1A94BC6B007636DE /* GameObject.cpp in Sources */,
				BFE583AA1AD6E41400A4E194 /* ActionDiceSprite.cpp in Sources */,
				BF5B4B801A90E77A007636DE /* Game.cpp in Sources */,
			);
			runOnlyForDeploymentPostprocessing = 0;
		};
/* End PBXSourcesBuildPhase section */

/* Begin PBXTargetDependency section */
		1AC6FB16180E9959004C840B /* PBXTargetDependency */ = {
			isa = PBXTargetDependency;
			name = "cocos2dx Mac";
			targetProxy = 1AC6FB15180E9959004C840B /* PBXContainerItemProxy */;
		};
		1AC6FB25180E99E1004C840B /* PBXTargetDependency */ = {
			isa = PBXTargetDependency;
			name = "cocos2dx iOS";
			targetProxy = 1AC6FB24180E99E1004C840B /* PBXContainerItemProxy */;
		};
/* End PBXTargetDependency section */

/* Begin XCBuildConfiguration section */
		1D6058940D05DD3E006BFB54 /* Debug */ = {
			isa = XCBuildConfiguration;
			buildSettings = {
				ALWAYS_SEARCH_USER_PATHS = YES;
				ASSETCATALOG_COMPILER_APPICON_NAME = AppIcon;
				ASSETCATALOG_COMPILER_LAUNCHIMAGE_NAME = LaunchImage;
				CODE_SIGN_IDENTITY = "iPhone Developer";
				COMPRESS_PNG_FILES = NO;
				GCC_DYNAMIC_NO_PIC = NO;
				GCC_INLINES_ARE_PRIVATE_EXTERN = NO;
				GCC_PRECOMPILE_PREFIX_HEADER = YES;
				GCC_PREFIX_HEADER = ios/Prefix.pch;
				GCC_PREPROCESSOR_DEFINITIONS = (
					USE_FILE32API,
					CC_TARGET_OS_IPHONE,
					"COCOS2D_DEBUG=1",
					"CC_ENABLE_CHIPMUNK_INTEGRATION=1",
				);
				GCC_SYMBOLS_PRIVATE_EXTERN = NO;
				HEADER_SEARCH_PATHS = (
					"$(inherited)",
					"$(SRCROOT)/../cocos2d/cocos/platform/ios",
					"$(SRCROOT)/../cocos2d/cocos/platform/ios/Simulation",
				);
				INFOPLIST_FILE = ios/Info.plist;
				IPHONEOS_DEPLOYMENT_TARGET = 5.0;
				LIBRARY_SEARCH_PATHS = "";
				OTHER_LDFLAGS = (
					"$(_COCOS_LIB_IOS_BEGIN)",
					"$(_COCOS_LIB_IOS_END)",
				);
				SDKROOT = iphoneos;
				TARGETED_DEVICE_FAMILY = "1,2";
				USER_HEADER_SEARCH_PATHS = "$(_COCOS_HEADER_IOS_BEGIN) $(_COCOS_HEADER_IOS_END)";
				VALID_ARCHS = "arm64 armv7";
			};
			name = Debug;
		};
		1D6058950D05DD3E006BFB54 /* Release */ = {
			isa = XCBuildConfiguration;
			buildSettings = {
				ALWAYS_SEARCH_USER_PATHS = YES;
				ASSETCATALOG_COMPILER_APPICON_NAME = AppIcon;
				ASSETCATALOG_COMPILER_LAUNCHIMAGE_NAME = LaunchImage;
				CODE_SIGN_IDENTITY = "iPhone Developer";
				COMPRESS_PNG_FILES = NO;
				GCC_INLINES_ARE_PRIVATE_EXTERN = NO;
				GCC_PRECOMPILE_PREFIX_HEADER = YES;
				GCC_PREFIX_HEADER = ios/Prefix.pch;
				GCC_PREPROCESSOR_DEFINITIONS = (
					USE_FILE32API,
					CC_TARGET_OS_IPHONE,
					"CC_ENABLE_CHIPMUNK_INTEGRATION=1",
				);
				GCC_SYMBOLS_PRIVATE_EXTERN = NO;
				HEADER_SEARCH_PATHS = (
					"$(inherited)",
					"$(SRCROOT)/../cocos2d/cocos/platform/ios",
					"$(SRCROOT)/../cocos2d/cocos/platform/ios/Simulation",
				);
				INFOPLIST_FILE = ios/Info.plist;
				IPHONEOS_DEPLOYMENT_TARGET = 5.0;
				LIBRARY_SEARCH_PATHS = "";
				OTHER_LDFLAGS = (
					"$(_COCOS_LIB_IOS_BEGIN)",
					"$(_COCOS_LIB_IOS_END)",
				);
				SDKROOT = iphoneos;
				TARGETED_DEVICE_FAMILY = "1,2";
				USER_HEADER_SEARCH_PATHS = "$(_COCOS_HEADER_IOS_BEGIN) $(_COCOS_HEADER_IOS_END)";
				VALID_ARCHS = "arm64 armv7";
			};
			name = Release;
		};
		5087E76D17EB910900C73F5D /* Debug */ = {
			isa = XCBuildConfiguration;
			buildSettings = {
				ALWAYS_SEARCH_USER_PATHS = YES;
				ARCHS = "$(ARCHS_STANDARD_64_BIT)";
				ASSETCATALOG_COMPILER_APPICON_NAME = AppIcon;
				CLANG_CXX_LANGUAGE_STANDARD = "c++0x";
				CLANG_CXX_LIBRARY = "libc++";
				GCC_DYNAMIC_NO_PIC = NO;
				GCC_INLINES_ARE_PRIVATE_EXTERN = NO;
				GCC_PRECOMPILE_PREFIX_HEADER = YES;
				GCC_PREFIX_HEADER = mac/Prefix.pch;
				GCC_PREPROCESSOR_DEFINITIONS = (
					USE_FILE32API,
					CC_TARGET_OS_MAC,
					"COCOS2D_DEBUG=1",
					"CC_ENABLE_CHIPMUNK_INTEGRATION=1",
				);
				GCC_SYMBOLS_PRIVATE_EXTERN = NO;
				HEADER_SEARCH_PATHS = (
					"$(inherited)",
					"$(SRCROOT)/../cocos2d/cocos/platform/mac",
					"$(SRCROOT)/../cocos2d/external/glfw3/include/mac",
				);
				INFOPLIST_FILE = mac/Info.plist;
				LIBRARY_SEARCH_PATHS = "";
				OTHER_LDFLAGS = (
					"$(_COCOS_LIB_MAC_BEGIN)",
					"$(_COCOS_LIB_MAC_END)",
				);
				USER_HEADER_SEARCH_PATHS = "$(_COCOS_HEADER_MAC_BEGIN) $(_COCOS_HEADER_MAC_END)";
			};
			name = Debug;
		};
		5087E76E17EB910900C73F5D /* Release */ = {
			isa = XCBuildConfiguration;
			buildSettings = {
				ALWAYS_SEARCH_USER_PATHS = YES;
				ARCHS = "$(ARCHS_STANDARD_64_BIT)";
				ASSETCATALOG_COMPILER_APPICON_NAME = AppIcon;
				CLANG_CXX_LANGUAGE_STANDARD = "c++0x";
				CLANG_CXX_LIBRARY = "libc++";
				GCC_INLINES_ARE_PRIVATE_EXTERN = NO;
				GCC_PRECOMPILE_PREFIX_HEADER = YES;
				GCC_PREFIX_HEADER = mac/Prefix.pch;
				GCC_PREPROCESSOR_DEFINITIONS = (
					USE_FILE32API,
					CC_TARGET_OS_MAC,
					"CC_ENABLE_CHIPMUNK_INTEGRATION=1",
				);
				GCC_SYMBOLS_PRIVATE_EXTERN = NO;
				HEADER_SEARCH_PATHS = (
					"$(inherited)",
					"$(SRCROOT)/../cocos2d/cocos/platform/mac",
					"$(SRCROOT)/../cocos2d/external/glfw3/include/mac",
				);
				INFOPLIST_FILE = mac/Info.plist;
				LIBRARY_SEARCH_PATHS = "";
				OTHER_LDFLAGS = (
					"$(_COCOS_LIB_MAC_BEGIN)",
					"$(_COCOS_LIB_MAC_END)",
				);
				USER_HEADER_SEARCH_PATHS = "$(_COCOS_HEADER_MAC_BEGIN) $(_COCOS_HEADER_MAC_END)";
			};
			name = Release;
		};
		C01FCF4F08A954540054247B /* Debug */ = {
			isa = XCBuildConfiguration;
			buildSettings = {
				CLANG_CXX_LANGUAGE_STANDARD = "c++0x";
				CLANG_CXX_LIBRARY = "libc++";
				COPY_PHASE_STRIP = NO;
				GCC_OPTIMIZATION_LEVEL = 0;
				GCC_WARN_ABOUT_RETURN_TYPE = YES;
				GCC_WARN_UNUSED_VARIABLE = YES;
				HEADER_SEARCH_PATHS = (
					"$(SRCROOT)/../cocos2d",
					"$(SRCROOT)/../cocos2d/cocos",
					"$(SRCROOT)/../cocos2d/cocos/base",
					"$(SRCROOT)/../cocos2d/cocos/physics",
					"$(SRCROOT)/../cocos2d/cocos/math",
					"$(SRCROOT)/../cocos2d/cocos/2d",
					"$(SRCROOT)/../cocos2d/cocos/ui",
					"$(SRCROOT)/../cocos2d/cocos/network",
					"$(SRCROOT)/../cocos2d/cocos/audio/include",
					"$(SRCROOT)/../cocos2d/cocos/editor-support",
					"$(SRCROOT)/../cocos2d/extensions",
					"$(SRCROOT)/../cocos2d/external",
					"$(SRCROOT)/../cocos2d/external/chipmunk/include/chipmunk",
				);
				MACOSX_DEPLOYMENT_TARGET = 10.7;
				ONLY_ACTIVE_ARCH = YES;
				PRODUCT_NAME = "$(TARGET_NAME)";
				SDKROOT = macosx;
			};
			name = Debug;
		};
		C01FCF5008A954540054247B /* Release */ = {
			isa = XCBuildConfiguration;
			buildSettings = {
				CLANG_CXX_LANGUAGE_STANDARD = "c++0x";
				CLANG_CXX_LIBRARY = "libc++";
				GCC_WARN_ABOUT_RETURN_TYPE = YES;
				GCC_WARN_UNUSED_VARIABLE = YES;
				HEADER_SEARCH_PATHS = (
					"$(SRCROOT)/../cocos2d",
					"$(SRCROOT)/../cocos2d/cocos",
					"$(SRCROOT)/../cocos2d/cocos/base",
					"$(SRCROOT)/../cocos2d/cocos/physics",
					"$(SRCROOT)/../cocos2d/cocos/math",
					"$(SRCROOT)/../cocos2d/cocos/2d",
					"$(SRCROOT)/../cocos2d/cocos/ui",
					"$(SRCROOT)/../cocos2d/cocos/network",
					"$(SRCROOT)/../cocos2d/cocos/audio/include",
					"$(SRCROOT)/../cocos2d/cocos/editor-support",
					"$(SRCROOT)/../cocos2d/extensions",
					"$(SRCROOT)/../cocos2d/external",
					"$(SRCROOT)/../cocos2d/external/chipmunk/include/chipmunk",
				);
				MACOSX_DEPLOYMENT_TARGET = 10.7;
				OTHER_CFLAGS = "-DNS_BLOCK_ASSERTIONS=1";
				PRODUCT_NAME = "$(TARGET_NAME)";
				SDKROOT = macosx;
				VALIDATE_PRODUCT = YES;
			};
			name = Release;
		};
/* End XCBuildConfiguration section */

/* Begin XCConfigurationList section */
		1D6058960D05DD3E006BFB54 /* Build configuration list for PBXNativeTarget "MasmorraDados iOS" */ = {
			isa = XCConfigurationList;
			buildConfigurations = (
				1D6058940D05DD3E006BFB54 /* Debug */,
				1D6058950D05DD3E006BFB54 /* Release */,
			);
			defaultConfigurationIsVisible = 0;
			defaultConfigurationName = Debug;
		};
		5087E76C17EB910900C73F5D /* Build configuration list for PBXNativeTarget "MasmorraDados Mac" */ = {
			isa = XCConfigurationList;
			buildConfigurations = (
				5087E76D17EB910900C73F5D /* Debug */,
				5087E76E17EB910900C73F5D /* Release */,
			);
			defaultConfigurationIsVisible = 0;
			defaultConfigurationName = Debug;
		};
		C01FCF4E08A954540054247B /* Build configuration list for PBXProject "MasmorraDados" */ = {
			isa = XCConfigurationList;
			buildConfigurations = (
				C01FCF4F08A954540054247B /* Debug */,
				C01FCF5008A954540054247B /* Release */,
			);
			defaultConfigurationIsVisible = 0;
			defaultConfigurationName = Debug;
		};
/* End XCConfigurationList section */
	};
	rootObject = 29B97313FDCFA39411CA2CEA /* Project object */;
}
