// !$*UTF8*$!
{
	archiveVersion = 1;
	classes = {
	};
	objectVersion = 46;
	objects = {

/* Begin PBXBuildFile section */
		1AC6FB21180E996B004C840B /* libcocos2d Mac.a in Frameworks */ = {isa = PBXBuildFile; fileRef = 1AC6FAF9180E9839004C840B /* libcocos2d Mac.a */; };
		1AC6FB30180E99EB004C840B /* libcocos2d iOS.a in Frameworks */ = {isa = PBXBuildFile; fileRef = 1AC6FB07180E9839004C840B /* libcocos2d iOS.a */; };
		1D60589F0D05DD5A006BFB54 /* Foundation.framework in Frameworks */ = {isa = PBXBuildFile; fileRef = 1D30AB110D05D00D00671497 /* Foundation.framework */; };
		1DF5F4E00D08C38300B7A737 /* UIKit.framework in Frameworks */ = {isa = PBXBuildFile; fileRef = 1DF5F4DF0D08C38300B7A737 /* UIKit.framework */; };
		288765A50DF7441C002DB57D /* CoreGraphics.framework in Frameworks */ = {isa = PBXBuildFile; fileRef = 288765A40DF7441C002DB57D /* CoreGraphics.framework */; };
		3EACC98F19EE6D4300EB3C5E /* res in Resources */ = {isa = PBXBuildFile; fileRef = 3EACC98E19EE6D4300EB3C5E /* res */; };
		3EACC99019EE6D4300EB3C5E /* res in Resources */ = {isa = PBXBuildFile; fileRef = 3EACC98E19EE6D4300EB3C5E /* res */; };
		46880B7B19C43A67006E1F66 /* CloseNormal.png in Resources */ = {isa = PBXBuildFile; fileRef = 46880B7619C43A67006E1F66 /* CloseNormal.png */; };
		46880B7C19C43A67006E1F66 /* CloseNormal.png in Resources */ = {isa = PBXBuildFile; fileRef = 46880B7619C43A67006E1F66 /* CloseNormal.png */; };
		46880B7D19C43A67006E1F66 /* CloseSelected.png in Resources */ = {isa = PBXBuildFile; fileRef = 46880B7719C43A67006E1F66 /* CloseSelected.png */; };
		46880B7E19C43A67006E1F66 /* CloseSelected.png in Resources */ = {isa = PBXBuildFile; fileRef = 46880B7719C43A67006E1F66 /* CloseSelected.png */; };
		46880B8819C43A87006E1F66 /* AppDelegate.cpp in Sources */ = {isa = PBXBuildFile; fileRef = 46880B8419C43A87006E1F66 /* AppDelegate.cpp */; };
		46880B8919C43A87006E1F66 /* AppDelegate.cpp in Sources */ = {isa = PBXBuildFile; fileRef = 46880B8419C43A87006E1F66 /* AppDelegate.cpp */; };
		503AE10017EB989F00D1A890 /* AppController.mm in Sources */ = {isa = PBXBuildFile; fileRef = 503AE0FB17EB989F00D1A890 /* AppController.mm */; };
		503AE10117EB989F00D1A890 /* main.m in Sources */ = {isa = PBXBuildFile; fileRef = 503AE0FC17EB989F00D1A890 /* main.m */; };
		503AE10217EB989F00D1A890 /* RootViewController.mm in Sources */ = {isa = PBXBuildFile; fileRef = 503AE0FF17EB989F00D1A890 /* RootViewController.mm */; };
		503AE10517EB98FF00D1A890 /* main.cpp in Sources */ = {isa = PBXBuildFile; fileRef = 503AE10317EB98FF00D1A890 /* main.cpp */; };
		503AE11B17EB9C5A00D1A890 /* IOKit.framework in Frameworks */ = {isa = PBXBuildFile; fileRef = 503AE11A17EB9C5A00D1A890 /* IOKit.framework */; };
		5087E76317EB910900C73F5D /* Foundation.framework in Frameworks */ = {isa = PBXBuildFile; fileRef = 1D30AB110D05D00D00671497 /* Foundation.framework */; };
		5087E76717EB910900C73F5D /* libz.dylib in Frameworks */ = {isa = PBXBuildFile; fileRef = BF170DB412928DE900B8313A /* libz.dylib */; };
		5087E76817EB910900C73F5D /* QuartzCore.framework in Frameworks */ = {isa = PBXBuildFile; fileRef = BF1C47EA1293683800B63C5D /* QuartzCore.framework */; };
		5087E76917EB910900C73F5D /* OpenAL.framework in Frameworks */ = {isa = PBXBuildFile; fileRef = D44C620B132DFF330009C878 /* OpenAL.framework */; };
		5087E76A17EB910900C73F5D /* AVFoundation.framework in Frameworks */ = {isa = PBXBuildFile; fileRef = D44C620D132DFF430009C878 /* AVFoundation.framework */; };
		5087E76B17EB910900C73F5D /* AudioToolbox.framework in Frameworks */ = {isa = PBXBuildFile; fileRef = D44C620F132DFF4E0009C878 /* AudioToolbox.framework */; };
		5087E78917EB974C00C73F5D /* AppKit.framework in Frameworks */ = {isa = PBXBuildFile; fileRef = 5087E78817EB974C00C73F5D /* AppKit.framework */; };
		5087E78B17EB975400C73F5D /* OpenGL.framework in Frameworks */ = {isa = PBXBuildFile; fileRef = 5087E78A17EB975400C73F5D /* OpenGL.framework */; };
		521A8EA919F11F5000D177D7 /* fonts in Resources */ = {isa = PBXBuildFile; fileRef = 521A8EA819F11F5000D177D7 /* fonts */; };
		521A8EAA19F11F5000D177D7 /* fonts in Resources */ = {isa = PBXBuildFile; fileRef = 521A8EA819F11F5000D177D7 /* fonts */; };
		52B47A471A53D09C004E4C60 /* Security.framework in Frameworks */ = {isa = PBXBuildFile; fileRef = 52B47A461A53D09B004E4C60 /* Security.framework */; };
		BF171245129291EC00B8313A /* OpenGLES.framework in Frameworks */ = {isa = PBXBuildFile; fileRef = BF170DB012928DE900B8313A /* OpenGLES.framework */; };
		BF1712471292920000B8313A /* libz.dylib in Frameworks */ = {isa = PBXBuildFile; fileRef = BF170DB412928DE900B8313A /* libz.dylib */; };
		BF1C47F01293687400B63C5D /* QuartzCore.framework in Frameworks */ = {isa = PBXBuildFile; fileRef = BF1C47EA1293683800B63C5D /* QuartzCore.framework */; };
		BF5B4B351A8F7616007636DE /* IntroScene.cpp in Sources */ = {isa = PBXBuildFile; fileRef = BF5B4B331A8F7616007636DE /* IntroScene.cpp */; };
		BF5B4B361A8F7616007636DE /* IntroScene.cpp in Sources */ = {isa = PBXBuildFile; fileRef = BF5B4B331A8F7616007636DE /* IntroScene.cpp */; };
		BF5B4B381A8F78EA007636DE /* images in Resources */ = {isa = PBXBuildFile; fileRef = BF5B4B371A8F78EA007636DE /* images */; };
		BF5B4B391A8F78EA007636DE /* images in Resources */ = {isa = PBXBuildFile; fileRef = BF5B4B371A8F78EA007636DE /* images */; };
		BF5B4B3C1A8F7B4F007636DE /* MainMenuScene.cpp in Sources */ = {isa = PBXBuildFile; fileRef = BF5B4B3A1A8F7B4F007636DE /* MainMenuScene.cpp */; };
		BF5B4B3D1A8F7B4F007636DE /* MainMenuScene.cpp in Sources */ = {isa = PBXBuildFile; fileRef = BF5B4B3A1A8F7B4F007636DE /* MainMenuScene.cpp */; };
		BF5B4B421A8F803F007636DE /* osx_assets.xcassets in Resources */ = {isa = PBXBuildFile; fileRef = BF5B4B3E1A8F7E3C007636DE /* osx_assets.xcassets */; };
		BF5B4B431A8F8042007636DE /* ios_assets.xcassets in Resources */ = {isa = PBXBuildFile; fileRef = BF5B4B401A8F7E6D007636DE /* ios_assets.xcassets */; };
		BF5B4B451A8FD080007636DE /* Info.plist in Resources */ = {isa = PBXBuildFile; fileRef = BF5B4B441A8FD080007636DE /* Info.plist */; };
		BF5B4B461A8FD080007636DE /* Info.plist in Resources */ = {isa = PBXBuildFile; fileRef = BF5B4B441A8FD080007636DE /* Info.plist */; };
		BF5B4B7F1A90E77A007636DE /* Game.cpp in Sources */ = {isa = PBXBuildFile; fileRef = BF5B4B7D1A90E77A007636DE /* Game.cpp */; };
		BF5B4B801A90E77A007636DE /* Game.cpp in Sources */ = {isa = PBXBuildFile; fileRef = BF5B4B7D1A90E77A007636DE /* Game.cpp */; };
		BF5B4B831A90ED7A007636DE /* GameOptions.cpp in Sources */ = {isa = PBXBuildFile; fileRef = BF5B4B811A90ED7A007636DE /* GameOptions.cpp */; };
		BF5B4B841A90ED7A007636DE /* GameOptions.cpp in Sources */ = {isa = PBXBuildFile; fileRef = BF5B4B811A90ED7A007636DE /* GameOptions.cpp */; };
		BF5B4B8B1A9214B8007636DE /* CreditsScene.cpp in Sources */ = {isa = PBXBuildFile; fileRef = BF5B4B891A9214B8007636DE /* CreditsScene.cpp */; };
		BF5B4B8C1A9214B8007636DE /* CreditsScene.cpp in Sources */ = {isa = PBXBuildFile; fileRef = BF5B4B891A9214B8007636DE /* CreditsScene.cpp */; };
		BF5B4B8F1A9214C2007636DE /* OptionsScene.cpp in Sources */ = {isa = PBXBuildFile; fileRef = BF5B4B8D1A9214C2007636DE /* OptionsScene.cpp */; };
		BF5B4B901A9214C2007636DE /* OptionsScene.cpp in Sources */ = {isa = PBXBuildFile; fileRef = BF5B4B8D1A9214C2007636DE /* OptionsScene.cpp */; };
		BF5B4B931A9214CB007636DE /* RulesScene.cpp in Sources */ = {isa = PBXBuildFile; fileRef = BF5B4B911A9214CB007636DE /* RulesScene.cpp */; };
		BF5B4B941A9214CB007636DE /* RulesScene.cpp in Sources */ = {isa = PBXBuildFile; fileRef = BF5B4B911A9214CB007636DE /* RulesScene.cpp */; };
		BF5B4B971A9214EC007636DE /* GameplayScene.cpp in Sources */ = {isa = PBXBuildFile; fileRef = BF5B4B951A9214EC007636DE /* GameplayScene.cpp */; };
		BF5B4B981A9214EC007636DE /* GameplayScene.cpp in Sources */ = {isa = PBXBuildFile; fileRef = BF5B4B951A9214EC007636DE /* GameplayScene.cpp */; };
		BF5B4B9B1A921523007636DE /* GameOptionsScene.cpp in Sources */ = {isa = PBXBuildFile; fileRef = BF5B4B991A921523007636DE /* GameOptionsScene.cpp */; };
		BF5B4B9C1A921523007636DE /* GameOptionsScene.cpp in Sources */ = {isa = PBXBuildFile; fileRef = BF5B4B991A921523007636DE /* GameOptionsScene.cpp */; };
		BF5B4BA71A9220CD007636DE /* BackLabel.cpp in Sources */ = {isa = PBXBuildFile; fileRef = BF5B4BA51A9220CD007636DE /* BackLabel.cpp */; };
		BF5B4BA81A9220CD007636DE /* BackLabel.cpp in Sources */ = {isa = PBXBuildFile; fileRef = BF5B4BA51A9220CD007636DE /* BackLabel.cpp */; };
		BF5B4BAB1A9221E2007636DE /* BackMenu.cpp in Sources */ = {isa = PBXBuildFile; fileRef = BF5B4BA91A9221E2007636DE /* BackMenu.cpp */; };
		BF5B4BAC1A9221E2007636DE /* BackMenu.cpp in Sources */ = {isa = PBXBuildFile; fileRef = BF5B4BA91A9221E2007636DE /* BackMenu.cpp */; };
		BF5B4BB61A92336D007636DE /* BaseMenuLayer.cpp in Sources */ = {isa = PBXBuildFile; fileRef = BF5B4BB21A92336D007636DE /* BaseMenuLayer.cpp */; };
		BF5B4BB71A92336D007636DE /* BaseMenuLayer.cpp in Sources */ = {isa = PBXBuildFile; fileRef = BF5B4BB21A92336D007636DE /* BaseMenuLayer.cpp */; };
		BF5B4BB81A92336D007636DE /* InnerMenuLayer.cpp in Sources */ = {isa = PBXBuildFile; fileRef = BF5B4BB41A92336D007636DE /* InnerMenuLayer.cpp */; };
		BF5B4BB91A92336D007636DE /* InnerMenuLayer.cpp in Sources */ = {isa = PBXBuildFile; fileRef = BF5B4BB41A92336D007636DE /* InnerMenuLayer.cpp */; };
		BF5B4BBC1A923391007636DE /* ExitLayer.cpp in Sources */ = {isa = PBXBuildFile; fileRef = BF5B4BBA1A923391007636DE /* ExitLayer.cpp */; };
		BF5B4BBD1A923391007636DE /* ExitLayer.cpp in Sources */ = {isa = PBXBuildFile; fileRef = BF5B4BBA1A923391007636DE /* ExitLayer.cpp */; };
		BF5B4BC01A94BA2C007636DE /* Player.cpp in Sources */ = {isa = PBXBuildFile; fileRef = BF5B4BBE1A94BA2C007636DE /* Player.cpp */; };
		BF5B4BC11A94BA2C007636DE /* Player.cpp in Sources */ = {isa = PBXBuildFile; fileRef = BF5B4BBE1A94BA2C007636DE /* Player.cpp */; };
		BF5B4BC41A94BA35007636DE /* Character.cpp in Sources */ = {isa = PBXBuildFile; fileRef = BF5B4BC21A94BA35007636DE /* Character.cpp */; };
		BF5B4BC51A94BA35007636DE /* Character.cpp in Sources */ = {isa = PBXBuildFile; fileRef = BF5B4BC21A94BA35007636DE /* Character.cpp */; };
		BF5B4BC81A94BA51007636DE /* Skill.cpp in Sources */ = {isa = PBXBuildFile; fileRef = BF5B4BC61A94BA51007636DE /* Skill.cpp */; };
		BF5B4BC91A94BA51007636DE /* Skill.cpp in Sources */ = {isa = PBXBuildFile; fileRef = BF5B4BC61A94BA51007636DE /* Skill.cpp */; };
		BF5B4BCC1A94BA91007636DE /* Dungeon.cpp in Sources */ = {isa = PBXBuildFile; fileRef = BF5B4BCA1A94BA91007636DE /* Dungeon.cpp */; };
		BF5B4BCD1A94BA91007636DE /* Dungeon.cpp in Sources */ = {isa = PBXBuildFile; fileRef = BF5B4BCA1A94BA91007636DE /* Dungeon.cpp */; };
		BF5B4BD41A94BABF007636DE /* DungeonFloor.cpp in Sources */ = {isa = PBXBuildFile; fileRef = BF5B4BD21A94BABF007636DE /* DungeonFloor.cpp */; };
		BF5B4BD51A94BABF007636DE /* DungeonFloor.cpp in Sources */ = {isa = PBXBuildFile; fileRef = BF5B4BD21A94BABF007636DE /* DungeonFloor.cpp */; };
		BF5B4BD81A94BACC007636DE /* DungeonRoom.cpp in Sources */ = {isa = PBXBuildFile; fileRef = BF5B4BD61A94BACC007636DE /* DungeonRoom.cpp */; };
		BF5B4BD91A94BACC007636DE /* DungeonRoom.cpp in Sources */ = {isa = PBXBuildFile; fileRef = BF5B4BD61A94BACC007636DE /* DungeonRoom.cpp */; };
		BF5B4BDC1A94BC6B007636DE /* GameObject.cpp in Sources */ = {isa = PBXBuildFile; fileRef = BF5B4BDA1A94BC6B007636DE /* GameObject.cpp */; };
		BF5B4BDD1A94BC6B007636DE /* GameObject.cpp in Sources */ = {isa = PBXBuildFile; fileRef = BF5B4BDA1A94BC6B007636DE /* GameObject.cpp */; };
		D44C620C132DFF330009C878 /* OpenAL.framework in Frameworks */ = {isa = PBXBuildFile; fileRef = D44C620B132DFF330009C878 /* OpenAL.framework */; };
		D44C620E132DFF430009C878 /* AVFoundation.framework in Frameworks */ = {isa = PBXBuildFile; fileRef = D44C620D132DFF430009C878 /* AVFoundation.framework */; };
		D44C6210132DFF4E0009C878 /* AudioToolbox.framework in Frameworks */ = {isa = PBXBuildFile; fileRef = D44C620F132DFF4E0009C878 /* AudioToolbox.framework */; };
		D6B0611B1803AB670077942B /* CoreMotion.framework in Frameworks */ = {isa = PBXBuildFile; fileRef = D6B0611A1803AB670077942B /* CoreMotion.framework */; };
/* End PBXBuildFile section */

/* Begin PBXContainerItemProxy section */
		1AC6FAF8180E9839004C840B /* PBXContainerItemProxy */ = {
			isa = PBXContainerItemProxy;
			containerPortal = 1AC6FAE5180E9839004C840B /* cocos2d_libs.xcodeproj */;
			proxyType = 2;
			remoteGlobalIDString = 1551A33F158F2AB200E66CFE;
			remoteInfo = "cocos2dx Mac";
		};
		1AC6FB06180E9839004C840B /* PBXContainerItemProxy */ = {
			isa = PBXContainerItemProxy;
			containerPortal = 1AC6FAE5180E9839004C840B /* cocos2d_libs.xcodeproj */;
			proxyType = 2;
			remoteGlobalIDString = A07A4D641783777C0073F6A7;
			remoteInfo = "cocos2dx iOS";
		};
		1AC6FB15180E9959004C840B /* PBXContainerItemProxy */ = {
			isa = PBXContainerItemProxy;
			containerPortal = 1AC6FAE5180E9839004C840B /* cocos2d_libs.xcodeproj */;
			proxyType = 1;
			remoteGlobalIDString = 1551A33E158F2AB200E66CFE;
			remoteInfo = "cocos2dx Mac";
		};
		1AC6FB24180E99E1004C840B /* PBXContainerItemProxy */ = {
			isa = PBXContainerItemProxy;
			containerPortal = 1AC6FAE5180E9839004C840B /* cocos2d_libs.xcodeproj */;
			proxyType = 1;
			remoteGlobalIDString = A07A4C241783777C0073F6A7;
			remoteInfo = "cocos2dx iOS";
		};
/* End PBXContainerItemProxy section */

/* Begin PBXFileReference section */
		1AC6FAE5180E9839004C840B /* cocos2d_libs.xcodeproj */ = {isa = PBXFileReference; lastKnownFileType = "wrapper.pb-project"; name = cocos2d_libs.xcodeproj; path = ../cocos2d/build/cocos2d_libs.xcodeproj; sourceTree = "<group>"; };
		1ACB3243164770DE00914215 /* libcurl.a */ = {isa = PBXFileReference; lastKnownFileType = archive.ar; name = libcurl.a; path = ../../cocos2dx/platform/third_party/ios/libraries/libcurl.a; sourceTree = "<group>"; };
		1D30AB110D05D00D00671497 /* Foundation.framework */ = {isa = PBXFileReference; lastKnownFileType = wrapper.framework; name = Foundation.framework; path = System/Library/Frameworks/Foundation.framework; sourceTree = SDKROOT; };
		1D6058910D05DD3D006BFB54 /* MasmorraDados iOS.app */ = {isa = PBXFileReference; explicitFileType = wrapper.application; includeInIndex = 0; path = "MasmorraDados iOS.app"; sourceTree = BUILT_PRODUCTS_DIR; };
		1DF5F4DF0D08C38300B7A737 /* UIKit.framework */ = {isa = PBXFileReference; lastKnownFileType = wrapper.framework; name = UIKit.framework; path = System/Library/Frameworks/UIKit.framework; sourceTree = SDKROOT; };
		288765A40DF7441C002DB57D /* CoreGraphics.framework */ = {isa = PBXFileReference; lastKnownFileType = wrapper.framework; name = CoreGraphics.framework; path = System/Library/Frameworks/CoreGraphics.framework; sourceTree = SDKROOT; };
		3EACC98E19EE6D4300EB3C5E /* res */ = {isa = PBXFileReference; lastKnownFileType = folder; path = res; sourceTree = "<group>"; };
		46880B7619C43A67006E1F66 /* CloseNormal.png */ = {isa = PBXFileReference; lastKnownFileType = image.png; path = CloseNormal.png; sourceTree = "<group>"; };
		46880B7719C43A67006E1F66 /* CloseSelected.png */ = {isa = PBXFileReference; lastKnownFileType = image.png; path = CloseSelected.png; sourceTree = "<group>"; };
		46880B8419C43A87006E1F66 /* AppDelegate.cpp */ = {isa = PBXFileReference; fileEncoding = 4; lastKnownFileType = sourcecode.cpp.cpp; path = AppDelegate.cpp; sourceTree = "<group>"; };
		46880B8519C43A87006E1F66 /* AppDelegate.h */ = {isa = PBXFileReference; fileEncoding = 4; lastKnownFileType = sourcecode.c.h; path = AppDelegate.h; sourceTree = "<group>"; };
		503AE0FA17EB989F00D1A890 /* AppController.h */ = {isa = PBXFileReference; fileEncoding = 4; lastKnownFileType = sourcecode.c.h; name = AppController.h; path = ios/AppController.h; sourceTree = SOURCE_ROOT; };
		503AE0FB17EB989F00D1A890 /* AppController.mm */ = {isa = PBXFileReference; fileEncoding = 4; lastKnownFileType = sourcecode.cpp.objcpp; name = AppController.mm; path = ios/AppController.mm; sourceTree = SOURCE_ROOT; };
		503AE0FC17EB989F00D1A890 /* main.m */ = {isa = PBXFileReference; fileEncoding = 4; lastKnownFileType = sourcecode.c.objc; name = main.m; path = ios/main.m; sourceTree = SOURCE_ROOT; };
		503AE0FD17EB989F00D1A890 /* Prefix.pch */ = {isa = PBXFileReference; fileEncoding = 4; lastKnownFileType = sourcecode.c.h; name = Prefix.pch; path = ios/Prefix.pch; sourceTree = SOURCE_ROOT; };
		503AE0FE17EB989F00D1A890 /* RootViewController.h */ = {isa = PBXFileReference; fileEncoding = 4; lastKnownFileType = sourcecode.c.h; name = RootViewController.h; path = ios/RootViewController.h; sourceTree = SOURCE_ROOT; };
		503AE0FF17EB989F00D1A890 /* RootViewController.mm */ = {isa = PBXFileReference; fileEncoding = 4; lastKnownFileType = sourcecode.cpp.objcpp; name = RootViewController.mm; path = ios/RootViewController.mm; sourceTree = SOURCE_ROOT; };
		503AE10317EB98FF00D1A890 /* main.cpp */ = {isa = PBXFileReference; fileEncoding = 4; lastKnownFileType = sourcecode.cpp.cpp; name = main.cpp; path = mac/main.cpp; sourceTree = "<group>"; };
		503AE10417EB98FF00D1A890 /* Prefix.pch */ = {isa = PBXFileReference; fileEncoding = 4; lastKnownFileType = sourcecode.c.h; name = Prefix.pch; path = mac/Prefix.pch; sourceTree = "<group>"; };
		503AE11117EB99EE00D1A890 /* libcurl.dylib */ = {isa = PBXFileReference; lastKnownFileType = "compiled.mach-o.dylib"; name = libcurl.dylib; path = usr/lib/libcurl.dylib; sourceTree = SDKROOT; };
		503AE11A17EB9C5A00D1A890 /* IOKit.framework */ = {isa = PBXFileReference; lastKnownFileType = wrapper.framework; name = IOKit.framework; path = System/Library/Frameworks/IOKit.framework; sourceTree = SDKROOT; };
		5087E76F17EB910900C73F5D /* MasmorraDados Mac.app */ = {isa = PBXFileReference; explicitFileType = wrapper.application; includeInIndex = 0; path = "MasmorraDados Mac.app"; sourceTree = BUILT_PRODUCTS_DIR; };
		5087E77C17EB970100C73F5D /* Info.plist */ = {isa = PBXFileReference; fileEncoding = 4; lastKnownFileType = text.plist; name = Info.plist; path = ios/Info.plist; sourceTree = "<group>"; };
		5087E78817EB974C00C73F5D /* AppKit.framework */ = {isa = PBXFileReference; lastKnownFileType = wrapper.framework; name = AppKit.framework; path = System/Library/Frameworks/AppKit.framework; sourceTree = SDKROOT; };
		5087E78A17EB975400C73F5D /* OpenGL.framework */ = {isa = PBXFileReference; lastKnownFileType = wrapper.framework; name = OpenGL.framework; path = System/Library/Frameworks/OpenGL.framework; sourceTree = SDKROOT; };
		521A8EA819F11F5000D177D7 /* fonts */ = {isa = PBXFileReference; lastKnownFileType = folder; path = fonts; sourceTree = "<group>"; };
		52B47A461A53D09B004E4C60 /* Security.framework */ = {isa = PBXFileReference; lastKnownFileType = wrapper.framework; name = Security.framework; path = Platforms/iPhoneOS.platform/Developer/SDKs/iPhoneOS8.1.sdk/System/Library/Frameworks/Security.framework; sourceTree = DEVELOPER_DIR; };
		BF170DB012928DE900B8313A /* OpenGLES.framework */ = {isa = PBXFileReference; lastKnownFileType = wrapper.framework; name = OpenGLES.framework; path = System/Library/Frameworks/OpenGLES.framework; sourceTree = SDKROOT; };
		BF170DB412928DE900B8313A /* libz.dylib */ = {isa = PBXFileReference; lastKnownFileType = "compiled.mach-o.dylib"; name = libz.dylib; path = usr/lib/libz.dylib; sourceTree = SDKROOT; };
		BF1C47EA1293683800B63C5D /* QuartzCore.framework */ = {isa = PBXFileReference; lastKnownFileType = wrapper.framework; name = QuartzCore.framework; path = System/Library/Frameworks/QuartzCore.framework; sourceTree = SDKROOT; };
		BF5B4B331A8F7616007636DE /* IntroScene.cpp */ = {isa = PBXFileReference; fileEncoding = 4; lastKnownFileType = sourcecode.cpp.cpp; path = IntroScene.cpp; sourceTree = "<group>"; };
		BF5B4B341A8F7616007636DE /* IntroScene.h */ = {isa = PBXFileReference; fileEncoding = 4; lastKnownFileType = sourcecode.c.h; path = IntroScene.h; sourceTree = "<group>"; };
		BF5B4B371A8F78EA007636DE /* images */ = {isa = PBXFileReference; lastKnownFileType = folder; path = images; sourceTree = "<group>"; };
		BF5B4B3A1A8F7B4F007636DE /* MainMenuScene.cpp */ = {isa = PBXFileReference; fileEncoding = 4; lastKnownFileType = sourcecode.cpp.cpp; path = MainMenuScene.cpp; sourceTree = "<group>"; };
		BF5B4B3B1A8F7B4F007636DE /* MainMenuScene.h */ = {isa = PBXFileReference; fileEncoding = 4; lastKnownFileType = sourcecode.c.h; path = MainMenuScene.h; sourceTree = "<group>"; };
		BF5B4B3E1A8F7E3C007636DE /* osx_assets.xcassets */ = {isa = PBXFileReference; lastKnownFileType = folder.assetcatalog; name = osx_assets.xcassets; path = mac/osx_assets.xcassets; sourceTree = SOURCE_ROOT; };
		BF5B4B401A8F7E6D007636DE /* ios_assets.xcassets */ = {isa = PBXFileReference; lastKnownFileType = folder.assetcatalog; name = ios_assets.xcassets; path = ios/ios_assets.xcassets; sourceTree = SOURCE_ROOT; };
		BF5B4B441A8FD080007636DE /* Info.plist */ = {isa = PBXFileReference; fileEncoding = 4; lastKnownFileType = text.plist.xml; name = Info.plist; path = mac/Info.plist; sourceTree = "<group>"; };
		BF5B4B7D1A90E77A007636DE /* Game.cpp */ = {isa = PBXFileReference; fileEncoding = 4; lastKnownFileType = sourcecode.cpp.cpp; path = Game.cpp; sourceTree = "<group>"; };
		BF5B4B7E1A90E77A007636DE /* Game.h */ = {isa = PBXFileReference; fileEncoding = 4; lastKnownFileType = sourcecode.c.h; path = Game.h; sourceTree = "<group>"; };
		BF5B4B811A90ED7A007636DE /* GameOptions.cpp */ = {isa = PBXFileReference; fileEncoding = 4; lastKnownFileType = sourcecode.cpp.cpp; path = GameOptions.cpp; sourceTree = "<group>"; };
		BF5B4B821A90ED7A007636DE /* GameOptions.h */ = {isa = PBXFileReference; fileEncoding = 4; lastKnownFileType = sourcecode.c.h; path = GameOptions.h; sourceTree = "<group>"; };
		BF5B4B861A920D96007636DE /* Definitions.h */ = {isa = PBXFileReference; fileEncoding = 4; lastKnownFileType = sourcecode.c.h; path = Definitions.h; sourceTree = "<group>"; };
		BF5B4B891A9214B8007636DE /* CreditsScene.cpp */ = {isa = PBXFileReference; fileEncoding = 4; lastKnownFileType = sourcecode.cpp.cpp; path = CreditsScene.cpp; sourceTree = "<group>"; };
		BF5B4B8A1A9214B8007636DE /* CreditsScene.h */ = {isa = PBXFileReference; fileEncoding = 4; lastKnownFileType = sourcecode.c.h; path = CreditsScene.h; sourceTree = "<group>"; };
		BF5B4B8D1A9214C2007636DE /* OptionsScene.cpp */ = {isa = PBXFileReference; fileEncoding = 4; lastKnownFileType = sourcecode.cpp.cpp; path = OptionsScene.cpp; sourceTree = "<group>"; };
		BF5B4B8E1A9214C2007636DE /* OptionsScene.h */ = {isa = PBXFileReference; fileEncoding = 4; lastKnownFileType = sourcecode.c.h; path = OptionsScene.h; sourceTree = "<group>"; };
		BF5B4B911A9214CB007636DE /* RulesScene.cpp */ = {isa = PBXFileReference; fileEncoding = 4; lastKnownFileType = sourcecode.cpp.cpp; path = RulesScene.cpp; sourceTree = "<group>"; };
		BF5B4B921A9214CB007636DE /* RulesScene.h */ = {isa = PBXFileReference; fileEncoding = 4; lastKnownFileType = sourcecode.c.h; path = RulesScene.h; sourceTree = "<group>"; };
		BF5B4B951A9214EC007636DE /* GameplayScene.cpp */ = {isa = PBXFileReference; fileEncoding = 4; lastKnownFileType = sourcecode.cpp.cpp; path = GameplayScene.cpp; sourceTree = "<group>"; };
		BF5B4B961A9214EC007636DE /* GameplayScene.h */ = {isa = PBXFileReference; fileEncoding = 4; lastKnownFileType = sourcecode.c.h; path = GameplayScene.h; sourceTree = "<group>"; };
		BF5B4B991A921523007636DE /* GameOptionsScene.cpp */ = {isa = PBXFileReference; fileEncoding = 4; lastKnownFileType = sourcecode.cpp.cpp; path = GameOptionsScene.cpp; sourceTree = "<group>"; };
		BF5B4B9A1A921523007636DE /* GameOptionsScene.h */ = {isa = PBXFileReference; fileEncoding = 4; lastKnownFileType = sourcecode.c.h; path = GameOptionsScene.h; sourceTree = "<group>"; };
		BF5B4BA51A9220CD007636DE /* BackLabel.cpp */ = {isa = PBXFileReference; fileEncoding = 4; lastKnownFileType = sourcecode.cpp.cpp; path = BackLabel.cpp; sourceTree = "<group>"; };
		BF5B4BA61A9220CD007636DE /* BackLabel.h */ = {isa = PBXFileReference; fileEncoding = 4; lastKnownFileType = sourcecode.c.h; path = BackLabel.h; sourceTree = "<group>"; };
		BF5B4BA91A9221E2007636DE /* BackMenu.cpp */ = {isa = PBXFileReference; fileEncoding = 4; lastKnownFileType = sourcecode.cpp.cpp; path = BackMenu.cpp; sourceTree = "<group>"; };
		BF5B4BAA1A9221E2007636DE /* BackMenu.h */ = {isa = PBXFileReference; fileEncoding = 4; lastKnownFileType = sourcecode.c.h; path = BackMenu.h; sourceTree = "<group>"; };
		BF5B4BB21A92336D007636DE /* BaseMenuLayer.cpp */ = {isa = PBXFileReference; fileEncoding = 4; lastKnownFileType = sourcecode.cpp.cpp; path = BaseMenuLayer.cpp; sourceTree = "<group>"; };
		BF5B4BB31A92336D007636DE /* BaseMenuLayer.h */ = {isa = PBXFileReference; fileEncoding = 4; lastKnownFileType = sourcecode.c.h; path = BaseMenuLayer.h; sourceTree = "<group>"; };
		BF5B4BB41A92336D007636DE /* InnerMenuLayer.cpp */ = {isa = PBXFileReference; fileEncoding = 4; lastKnownFileType = sourcecode.cpp.cpp; path = InnerMenuLayer.cpp; sourceTree = "<group>"; };
		BF5B4BB51A92336D007636DE /* InnerMenuLayer.h */ = {isa = PBXFileReference; fileEncoding = 4; lastKnownFileType = sourcecode.c.h; path = InnerMenuLayer.h; sourceTree = "<group>"; };
		BF5B4BBA1A923391007636DE /* ExitLayer.cpp */ = {isa = PBXFileReference; fileEncoding = 4; lastKnownFileType = sourcecode.cpp.cpp; path = ExitLayer.cpp; sourceTree = "<group>"; };
		BF5B4BBB1A923391007636DE /* ExitLayer.h */ = {isa = PBXFileReference; fileEncoding = 4; lastKnownFileType = sourcecode.c.h; path = ExitLayer.h; sourceTree = "<group>"; };
		BF5B4BBE1A94BA2C007636DE /* Player.cpp */ = {isa = PBXFileReference; fileEncoding = 4; lastKnownFileType = sourcecode.cpp.cpp; path = Player.cpp; sourceTree = "<group>"; };
		BF5B4BBF1A94BA2C007636DE /* Player.h */ = {isa = PBXFileReference; fileEncoding = 4; lastKnownFileType = sourcecode.c.h; path = Player.h; sourceTree = "<group>"; };
		BF5B4BC21A94BA35007636DE /* Character.cpp */ = {isa = PBXFileReference; fileEncoding = 4; lastKnownFileType = sourcecode.cpp.cpp; path = Character.cpp; sourceTree = "<group>"; };
		BF5B4BC31A94BA35007636DE /* Character.h */ = {isa = PBXFileReference; fileEncoding = 4; lastKnownFileType = sourcecode.c.h; path = Character.h; sourceTree = "<group>"; };
		BF5B4BC61A94BA51007636DE /* Skill.cpp */ = {isa = PBXFileReference; fileEncoding = 4; lastKnownFileType = sourcecode.cpp.cpp; path = Skill.cpp; sourceTree = "<group>"; };
		BF5B4BC71A94BA51007636DE /* Skill.h */ = {isa = PBXFileReference; fileEncoding = 4; lastKnownFileType = sourcecode.c.h; path = Skill.h; sourceTree = "<group>"; };
		BF5B4BCA1A94BA91007636DE /* Dungeon.cpp */ = {isa = PBXFileReference; fileEncoding = 4; lastKnownFileType = sourcecode.cpp.cpp; path = Dungeon.cpp; sourceTree = "<group>"; };
		BF5B4BCB1A94BA91007636DE /* Dungeon.h */ = {isa = PBXFileReference; fileEncoding = 4; lastKnownFileType = sourcecode.c.h; path = Dungeon.h; sourceTree = "<group>"; };
		BF5B4BD21A94BABF007636DE /* DungeonFloor.cpp */ = {isa = PBXFileReference; fileEncoding = 4; lastKnownFileType = sourcecode.cpp.cpp; path = DungeonFloor.cpp; sourceTree = "<group>"; };
		BF5B4BD31A94BABF007636DE /* DungeonFloor.h */ = {isa = PBXFileReference; fileEncoding = 4; lastKnownFileType = sourcecode.c.h; path = DungeonFloor.h; sourceTree = "<group>"; };
		BF5B4BD61A94BACC007636DE /* DungeonRoom.cpp */ = {isa = PBXFileReference; fileEncoding = 4; lastKnownFileType = sourcecode.cpp.cpp; path = DungeonRoom.cpp; sourceTree = "<group>"; };
		BF5B4BD71A94BACC007636DE /* DungeonRoom.h */ = {isa = PBXFileReference; fileEncoding = 4; lastKnownFileType = sourcecode.c.h; path = DungeonRoom.h; sourceTree = "<group>"; };
		BF5B4BDA1A94BC6B007636DE /* GameObject.cpp */ = {isa = PBXFileReference; fileEncoding = 4; lastKnownFileType = sourcecode.cpp.cpp; path = GameObject.cpp; sourceTree = "<group>"; };
		BF5B4BDB1A94BC6B007636DE /* GameObject.h */ = {isa = PBXFileReference; fileEncoding = 4; lastKnownFileType = sourcecode.c.h; path = GameObject.h; sourceTree = "<group>"; };
		D44C620B132DFF330009C878 /* OpenAL.framework */ = {isa = PBXFileReference; lastKnownFileType = wrapper.framework; name = OpenAL.framework; path = System/Library/Frameworks/OpenAL.framework; sourceTree = SDKROOT; };
		D44C620D132DFF430009C878 /* AVFoundation.framework */ = {isa = PBXFileReference; lastKnownFileType = wrapper.framework; name = AVFoundation.framework; path = System/Library/Frameworks/AVFoundation.framework; sourceTree = SDKROOT; };
		D44C620F132DFF4E0009C878 /* AudioToolbox.framework */ = {isa = PBXFileReference; lastKnownFileType = wrapper.framework; name = AudioToolbox.framework; path = System/Library/Frameworks/AudioToolbox.framework; sourceTree = SDKROOT; };
		D6B0611A1803AB670077942B /* CoreMotion.framework */ = {isa = PBXFileReference; lastKnownFileType = wrapper.framework; name = CoreMotion.framework; path = Platforms/iPhoneOS.platform/Developer/SDKs/iPhoneOS7.0.sdk/System/Library/Frameworks/CoreMotion.framework; sourceTree = DEVELOPER_DIR; };
/* End PBXFileReference section */

/* Begin PBXFrameworksBuildPhase section */
		1D60588F0D05DD3D006BFB54 /* Frameworks */ = {
			isa = PBXFrameworksBuildPhase;
			buildActionMask = 2147483647;
			files = (
				52B47A471A53D09C004E4C60 /* Security.framework in Frameworks */,
				1AC6FB30180E99EB004C840B /* libcocos2d iOS.a in Frameworks */,
				D6B0611B1803AB670077942B /* CoreMotion.framework in Frameworks */,
				1D60589F0D05DD5A006BFB54 /* Foundation.framework in Frameworks */,
				1DF5F4E00D08C38300B7A737 /* UIKit.framework in Frameworks */,
				288765A50DF7441C002DB57D /* CoreGraphics.framework in Frameworks */,
				BF171245129291EC00B8313A /* OpenGLES.framework in Frameworks */,
				BF1712471292920000B8313A /* libz.dylib in Frameworks */,
				BF1C47F01293687400B63C5D /* QuartzCore.framework in Frameworks */,
				D44C620C132DFF330009C878 /* OpenAL.framework in Frameworks */,
				D44C620E132DFF430009C878 /* AVFoundation.framework in Frameworks */,
				D44C6210132DFF4E0009C878 /* AudioToolbox.framework in Frameworks */,
			);
			runOnlyForDeploymentPostprocessing = 0;
		};
		5087E75C17EB910900C73F5D /* Frameworks */ = {
			isa = PBXFrameworksBuildPhase;
			buildActionMask = 2147483647;
			files = (
				1AC6FB21180E996B004C840B /* libcocos2d Mac.a in Frameworks */,
				5087E76717EB910900C73F5D /* libz.dylib in Frameworks */,
				503AE11B17EB9C5A00D1A890 /* IOKit.framework in Frameworks */,
				5087E78B17EB975400C73F5D /* OpenGL.framework in Frameworks */,
				5087E78917EB974C00C73F5D /* AppKit.framework in Frameworks */,
				5087E76317EB910900C73F5D /* Foundation.framework in Frameworks */,
				5087E76817EB910900C73F5D /* QuartzCore.framework in Frameworks */,
				5087E76917EB910900C73F5D /* OpenAL.framework in Frameworks */,
				5087E76A17EB910900C73F5D /* AVFoundation.framework in Frameworks */,
				5087E76B17EB910900C73F5D /* AudioToolbox.framework in Frameworks */,
			);
			runOnlyForDeploymentPostprocessing = 0;
		};
/* End PBXFrameworksBuildPhase section */

/* Begin PBXGroup section */
		080E96DDFE201D6D7F000001 /* ios */ = {
			isa = PBXGroup;
			children = (
				5087E77C17EB970100C73F5D /* Info.plist */,
				503AE0FA17EB989F00D1A890 /* AppController.h */,
				503AE0FB17EB989F00D1A890 /* AppController.mm */,
				503AE0FC17EB989F00D1A890 /* main.m */,
				503AE0FD17EB989F00D1A890 /* Prefix.pch */,
				503AE0FE17EB989F00D1A890 /* RootViewController.h */,
				503AE0FF17EB989F00D1A890 /* RootViewController.mm */,
			);
			name = ios;
			path = Classes;
			sourceTree = "<group>";
		};
		19C28FACFE9D520D11CA2CBB /* Products */ = {
			isa = PBXGroup;
			children = (
				1D6058910D05DD3D006BFB54 /* MasmorraDados iOS.app */,
				5087E76F17EB910900C73F5D /* MasmorraDados Mac.app */,
			);
			name = Products;
			sourceTree = "<group>";
		};
		1AC6FAE6180E9839004C840B /* Products */ = {
			isa = PBXGroup;
			children = (
				1AC6FAF9180E9839004C840B /* libcocos2d Mac.a */,
				1AC6FB07180E9839004C840B /* libcocos2d iOS.a */,
			);
			name = Products;
			sourceTree = "<group>";
		};
		29B97314FDCFA39411CA2CEA /* CustomTemplate */ = {
			isa = PBXGroup;
			children = (
				46880B8319C43A87006E1F66 /* Classes */,
				46880B7519C43A67006E1F66 /* Resources */,
				1AC6FAE5180E9839004C840B /* cocos2d_libs.xcodeproj */,
				29B97323FDCFA39411CA2CEA /* Frameworks */,
				080E96DDFE201D6D7F000001 /* ios */,
				503AE10617EB990700D1A890 /* mac */,
				19C28FACFE9D520D11CA2CBB /* Products */,
			);
			name = CustomTemplate;
			sourceTree = "<group>";
		};
		29B97323FDCFA39411CA2CEA /* Frameworks */ = {
			isa = PBXGroup;
			children = (
				52B47A461A53D09B004E4C60 /* Security.framework */,
				D6B0611A1803AB670077942B /* CoreMotion.framework */,
				503AE11A17EB9C5A00D1A890 /* IOKit.framework */,
				503AE11117EB99EE00D1A890 /* libcurl.dylib */,
				5087E78A17EB975400C73F5D /* OpenGL.framework */,
				5087E78817EB974C00C73F5D /* AppKit.framework */,
				1ACB3243164770DE00914215 /* libcurl.a */,
				BF170DB412928DE900B8313A /* libz.dylib */,
				D44C620F132DFF4E0009C878 /* AudioToolbox.framework */,
				D44C620D132DFF430009C878 /* AVFoundation.framework */,
				288765A40DF7441C002DB57D /* CoreGraphics.framework */,
				1D30AB110D05D00D00671497 /* Foundation.framework */,
				D44C620B132DFF330009C878 /* OpenAL.framework */,
				BF170DB012928DE900B8313A /* OpenGLES.framework */,
				BF1C47EA1293683800B63C5D /* QuartzCore.framework */,
				1DF5F4DF0D08C38300B7A737 /* UIKit.framework */,
			);
			name = Frameworks;
			sourceTree = "<group>";
		};
		46880B7519C43A67006E1F66 /* Resources */ = {
			isa = PBXGroup;
			children = (
				BF5B4B401A8F7E6D007636DE /* ios_assets.xcassets */,
				BF5B4B3E1A8F7E3C007636DE /* osx_assets.xcassets */,
				521A8EA819F11F5000D177D7 /* fonts */,
				BF5B4B371A8F78EA007636DE /* images */,
				3EACC98E19EE6D4300EB3C5E /* res */,
				46880B7619C43A67006E1F66 /* CloseNormal.png */,
				46880B7719C43A67006E1F66 /* CloseSelected.png */,
			);
			name = Resources;
			path = ../Resources;
			sourceTree = "<group>";
		};
		46880B8319C43A87006E1F66 /* Classes */ = {
			isa = PBXGroup;
			children = (
				BF5B4BB11A92334E007636DE /* layer */,
				BF5B4B311A8F75FA007636DE /* model */,
				BF5B4B321A8F75FA007636DE /* scene */,
				BF5B4BA41A9220BD007636DE /* ui */,
				46880B8419C43A87006E1F66 /* AppDelegate.cpp */,
				46880B8519C43A87006E1F66 /* AppDelegate.h */,
				BF5B4B861A920D96007636DE /* Definitions.h */,
			);
			name = Classes;
			path = ../Classes;
			sourceTree = "<group>";
		};
		503AE10617EB990700D1A890 /* mac */ = {
			isa = PBXGroup;
			children = (
				BF5B4B441A8FD080007636DE /* Info.plist */,
				503AE10317EB98FF00D1A890 /* main.cpp */,
				503AE10417EB98FF00D1A890 /* Prefix.pch */,
			);
			name = mac;
			sourceTree = "<group>";
		};
		BF5B4B311A8F75FA007636DE /* model */ = {
			isa = PBXGroup;
			children = (
				BF5B4BC21A94BA35007636DE /* Character.cpp */,
				BF5B4BC31A94BA35007636DE /* Character.h */,
				BF5B4BCA1A94BA91007636DE /* Dungeon.cpp */,
				BF5B4BCB1A94BA91007636DE /* Dungeon.h */,
				BF5B4BD21A94BABF007636DE /* DungeonFloor.cpp */,
				BF5B4BD31A94BABF007636DE /* DungeonFloor.h */,
				BF5B4BD61A94BACC007636DE /* DungeonRoom.cpp */,
				BF5B4BD71A94BACC007636DE /* DungeonRoom.h */,
				BF5B4B7D1A90E77A007636DE /* Game.cpp */,
				BF5B4B7E1A90E77A007636DE /* Game.h */,
				BF5B4BDA1A94BC6B007636DE /* GameObject.cpp */,
				BF5B4BDB1A94BC6B007636DE /* GameObject.h */,
				BF5B4B811A90ED7A007636DE /* GameOptions.cpp */,
				BF5B4B821A90ED7A007636DE /* GameOptions.h */,
				BF5B4BBE1A94BA2C007636DE /* Player.cpp */,
				BF5B4BBF1A94BA2C007636DE /* Player.h */,
				BF5B4BC61A94BA51007636DE /* Skill.cpp */,
				BF5B4BC71A94BA51007636DE /* Skill.h */,
			);
			path = model;
			sourceTree = "<group>";
		};
		BF5B4B321A8F75FA007636DE /* scene */ = {
			isa = PBXGroup;
			children = (
				BF5B4B891A9214B8007636DE /* CreditsScene.cpp */,
				BF5B4B8A1A9214B8007636DE /* CreditsScene.h */,
				BF5B4B951A9214EC007636DE /* GameplayScene.cpp */,
				BF5B4B961A9214EC007636DE /* GameplayScene.h */,
				BF5B4B991A921523007636DE /* GameOptionsScene.cpp */,
				BF5B4B9A1A921523007636DE /* GameOptionsScene.h */,
				BF5B4B331A8F7616007636DE /* IntroScene.cpp */,
				BF5B4B341A8F7616007636DE /* IntroScene.h */,
				BF5B4B3A1A8F7B4F007636DE /* MainMenuScene.cpp */,
				BF5B4B3B1A8F7B4F007636DE /* MainMenuScene.h */,
				BF5B4B8D1A9214C2007636DE /* OptionsScene.cpp */,
				BF5B4B8E1A9214C2007636DE /* OptionsScene.h */,
				BF5B4B911A9214CB007636DE /* RulesScene.cpp */,
				BF5B4B921A9214CB007636DE /* RulesScene.h */,
			);
			path = scene;
			sourceTree = "<group>";
		};
		BF5B4BA41A9220BD007636DE /* ui */ = {
			isa = PBXGroup;
			children = (
				BF5B4BA51A9220CD007636DE /* BackLabel.cpp */,
				BF5B4BA61A9220CD007636DE /* BackLabel.h */,
				BF5B4BA91A9221E2007636DE /* BackMenu.cpp */,
				BF5B4BAA1A9221E2007636DE /* BackMenu.h */,
			);
			path = ui;
			sourceTree = "<group>";
		};
		BF5B4BB11A92334E007636DE /* layer */ = {
			isa = PBXGroup;
			children = (
				BF5B4BB21A92336D007636DE /* BaseMenuLayer.cpp */,
				BF5B4BB31A92336D007636DE /* BaseMenuLayer.h */,
				BF5B4BBA1A923391007636DE /* ExitLayer.cpp */,
				BF5B4BBB1A923391007636DE /* ExitLayer.h */,
				BF5B4BB41A92336D007636DE /* InnerMenuLayer.cpp */,
				BF5B4BB51A92336D007636DE /* InnerMenuLayer.h */,
			);
			path = layer;
			sourceTree = "<group>";
		};
/* End PBXGroup section */

/* Begin PBXNativeTarget section */
		1D6058900D05DD3D006BFB54 /* MasmorraDados iOS */ = {
			isa = PBXNativeTarget;
			buildConfigurationList = 1D6058960D05DD3E006BFB54 /* Build configuration list for PBXNativeTarget "MasmorraDados iOS" */;
			buildPhases = (
				1D60588D0D05DD3D006BFB54 /* Resources */,
				1D60588E0D05DD3D006BFB54 /* Sources */,
				1D60588F0D05DD3D006BFB54 /* Frameworks */,
			);
			buildRules = (
			);
			dependencies = (
				1AC6FB25180E99E1004C840B /* PBXTargetDependency */,
			);
			name = "MasmorraDados iOS";
			productName = iphone;
			productReference = 1D6058910D05DD3D006BFB54 /* MasmorraDados iOS.app */;
			productType = "com.apple.product-type.application";
		};
		5087E73D17EB910900C73F5D /* MasmorraDados Mac */ = {
			isa = PBXNativeTarget;
			buildConfigurationList = 5087E76C17EB910900C73F5D /* Build configuration list for PBXNativeTarget "MasmorraDados Mac" */;
			buildPhases = (
				5087E74817EB910900C73F5D /* Resources */,
				5087E75617EB910900C73F5D /* Sources */,
				5087E75C17EB910900C73F5D /* Frameworks */,
			);
			buildRules = (
			);
			dependencies = (
				1AC6FB16180E9959004C840B /* PBXTargetDependency */,
			);
			name = "MasmorraDados Mac";
			productName = iphone;
			productReference = 5087E76F17EB910900C73F5D /* MasmorraDados Mac.app */;
			productType = "com.apple.product-type.application";
		};
/* End PBXNativeTarget section */

/* Begin PBXProject section */
		29B97313FDCFA39411CA2CEA /* Project object */ = {
			isa = PBXProject;
			attributes = {
				LastUpgradeCheck = 0500;
				TargetAttributes = {
					1D6058900D05DD3D006BFB54 = {
						DevelopmentTeam = BZP7G3CCW6;
					};
				};
			};
			buildConfigurationList = C01FCF4E08A954540054247B /* Build configuration list for PBXProject "MasmorraDados" */;
			compatibilityVersion = "Xcode 3.2";
			developmentRegion = English;
			hasScannedForEncodings = 1;
			knownRegions = (
				English,
				Japanese,
				French,
				German,
			);
			mainGroup = 29B97314FDCFA39411CA2CEA /* CustomTemplate */;
			projectDirPath = "";
			projectReferences = (
				{
					ProductGroup = 1AC6FAE6180E9839004C840B /* Products */;
					ProjectRef = 1AC6FAE5180E9839004C840B /* cocos2d_libs.xcodeproj */;
				},
			);
			projectRoot = "";
			targets = (
				1D6058900D05DD3D006BFB54 /* MasmorraDados iOS */,
				5087E73D17EB910900C73F5D /* MasmorraDados Mac */,
			);
		};
/* End PBXProject section */

/* Begin PBXReferenceProxy section */
		1AC6FAF9180E9839004C840B /* libcocos2d Mac.a */ = {
			isa = PBXReferenceProxy;
			fileType = archive.ar;
			path = "libcocos2d Mac.a";
			remoteRef = 1AC6FAF8180E9839004C840B /* PBXContainerItemProxy */;
			sourceTree = BUILT_PRODUCTS_DIR;
		};
		1AC6FB07180E9839004C840B /* libcocos2d iOS.a */ = {
			isa = PBXReferenceProxy;
			fileType = archive.ar;
			path = "libcocos2d iOS.a";
			remoteRef = 1AC6FB06180E9839004C840B /* PBXContainerItemProxy */;
			sourceTree = BUILT_PRODUCTS_DIR;
		};
/* End PBXReferenceProxy section */

/* Begin PBXResourcesBuildPhase section */
		1D60588D0D05DD3D006BFB54 /* Resources */ = {
			isa = PBXResourcesBuildPhase;
			buildActionMask = 2147483647;
			files = (
				BF5B4B431A8F8042007636DE /* ios_assets.xcassets in Resources */,
				46880B7D19C43A67006E1F66 /* CloseSelected.png in Resources */,
				521A8EA919F11F5000D177D7 /* fonts in Resources */,
				3EACC98F19EE6D4300EB3C5E /* res in Resources */,
				BF5B4B381A8F78EA007636DE /* images in Resources */,
				46880B7B19C43A67006E1F66 /* CloseNormal.png in Resources */,
				BF5B4B451A8FD080007636DE /* Info.plist in Resources */,
			);
			runOnlyForDeploymentPostprocessing = 0;
		};
		5087E74817EB910900C73F5D /* Resources */ = {
			isa = PBXResourcesBuildPhase;
			buildActionMask = 2147483647;
			files = (
				BF5B4B421A8F803F007636DE /* osx_assets.xcassets in Resources */,
				BF5B4B391A8F78EA007636DE /* images in Resources */,
				3EACC99019EE6D4300EB3C5E /* res in Resources */,
				521A8EAA19F11F5000D177D7 /* fonts in Resources */,
				46880B7C19C43A67006E1F66 /* CloseNormal.png in Resources */,
				46880B7E19C43A67006E1F66 /* CloseSelected.png in Resources */,
				BF5B4B461A8FD080007636DE /* Info.plist in Resources */,
			);
			runOnlyForDeploymentPostprocessing = 0;
		};
/* End PBXResourcesBuildPhase section */

/* Begin PBXSourcesBuildPhase section */
		1D60588E0D05DD3D006BFB54 /* Sources */ = {
			isa = PBXSourcesBuildPhase;
			buildActionMask = 2147483647;
			files = (
				46880B8819C43A87006E1F66 /* AppDelegate.cpp in Sources */,
				BF5B4BBC1A923391007636DE /* ExitLayer.cpp in Sources */,
				BF5B4B9B1A921523007636DE /* GameOptionsScene.cpp in Sources */,
				BF5B4BC41A94BA35007636DE /* Character.cpp in Sources */,
				BF5B4BD41A94BABF007636DE /* DungeonFloor.cpp in Sources */,
				BF5B4BD81A94BACC007636DE /* DungeonRoom.cpp in Sources */,
				BF5B4BAB1A9221E2007636DE /* BackMenu.cpp in Sources */,
				BF5B4B931A9214CB007636DE /* RulesScene.cpp in Sources */,
				503AE10017EB989F00D1A890 /* AppController.mm in Sources */,
				BF5B4B351A8F7616007636DE /* IntroScene.cpp in Sources */,
				BF5B4B971A9214EC007636DE /* GameplayScene.cpp in Sources */,
				503AE10217EB989F00D1A890 /* RootViewController.mm in Sources */,
				BF5B4B3C1A8F7B4F007636DE /* MainMenuScene.cpp in Sources */,
				BF5B4BA71A9220CD007636DE /* BackLabel.cpp in Sources */,
				503AE10117EB989F00D1A890 /* main.m in Sources */,
				BF5B4BB81A92336D007636DE /* InnerMenuLayer.cpp in Sources */,
				BF5B4BC81A94BA51007636DE /* Skill.cpp in Sources */,
				BF5B4B8B1A9214B8007636DE /* CreditsScene.cpp in Sources */,
				BF5B4B831A90ED7A007636DE /* GameOptions.cpp in Sources */,
				BF5B4B7F1A90E77A007636DE /* Game.cpp in Sources */,
				BF5B4BC01A94BA2C007636DE /* Player.cpp in Sources */,
				BF5B4B8F1A9214C2007636DE /* OptionsScene.cpp in Sources */,
				BF5B4BCC1A94BA91007636DE /* Dungeon.cpp in Sources */,
				BF5B4BB61A92336D007636DE /* BaseMenuLayer.cpp in Sources */,
				BF5B4BDC1A94BC6B007636DE /* GameObject.cpp in Sources */,
			);
			runOnlyForDeploymentPostprocessing = 0;
		};
		5087E75617EB910900C73F5D /* Sources */ = {
			isa = PBXSourcesBuildPhase;
			buildActionMask = 2147483647;
			files = (
				46880B8919C43A87006E1F66 /* AppDelegate.cpp in Sources */,
				BF5B4BD51A94BABF007636DE /* DungeonFloor.cpp in Sources */,
				BF5B4BB91A92336D007636DE /* InnerMenuLayer.cpp in Sources */,
				BF5B4B361A8F7616007636DE /* IntroScene.cpp in Sources */,
				BF5B4BC51A94BA35007636DE /* Character.cpp in Sources */,
				BF5B4BC11A94BA2C007636DE /* Player.cpp in Sources */,
				BF5B4B841A90ED7A007636DE /* GameOptions.cpp in Sources */,
				BF5B4BAC1A9221E2007636DE /* BackMenu.cpp in Sources */,
				BF5B4BBD1A923391007636DE /* ExitLayer.cpp in Sources */,
				BF5B4B901A9214C2007636DE /* OptionsScene.cpp in Sources */,
				BF5B4B981A9214EC007636DE /* GameplayScene.cpp in Sources */,
				BF5B4B9C1A921523007636DE /* GameOptionsScene.cpp in Sources */,
				BF5B4B3D1A8F7B4F007636DE /* MainMenuScene.cpp in Sources */,
				BF5B4BD91A94BACC007636DE /* DungeonRoom.cpp in Sources */,
				BF5B4BCD1A94BA91007636DE /* Dungeon.cpp in Sources */,
				BF5B4B8C1A9214B8007636DE /* CreditsScene.cpp in Sources */,
				BF5B4BA81A9220CD007636DE /* BackLabel.cpp in Sources */,
				BF5B4BC91A94BA51007636DE /* Skill.cpp in Sources */,
				503AE10517EB98FF00D1A890 /* main.cpp in Sources */,
				BF5B4B941A9214CB007636DE /* RulesScene.cpp in Sources */,
				BF5B4BDD1A94BC6B007636DE /* GameObject.cpp in Sources */,
				BF5B4B801A90E77A007636DE /* Game.cpp in Sources */,
				BF5B4BB71A92336D007636DE /* BaseMenuLayer.cpp in Sources */,
			);
			runOnlyForDeploymentPostprocessing = 0;
		};
/* End PBXSourcesBuildPhase section */

/* Begin PBXTargetDependency section */
		1AC6FB16180E9959004C840B /* PBXTargetDependency */ = {
			isa = PBXTargetDependency;
			name = "cocos2dx Mac";
			targetProxy = 1AC6FB15180E9959004C840B /* PBXContainerItemProxy */;
		};
		1AC6FB25180E99E1004C840B /* PBXTargetDependency */ = {
			isa = PBXTargetDependency;
			name = "cocos2dx iOS";
			targetProxy = 1AC6FB24180E99E1004C840B /* PBXContainerItemProxy */;
		};
/* End PBXTargetDependency section */

/* Begin XCBuildConfiguration section */
		1D6058940D05DD3E006BFB54 /* Debug */ = {
			isa = XCBuildConfiguration;
			buildSettings = {
				ALWAYS_SEARCH_USER_PATHS = YES;
				ASSETCATALOG_COMPILER_APPICON_NAME = AppIcon;
				ASSETCATALOG_COMPILER_LAUNCHIMAGE_NAME = LaunchImage;
				CODE_SIGN_IDENTITY = "iPhone Developer";
				COMPRESS_PNG_FILES = NO;
				GCC_DYNAMIC_NO_PIC = NO;
				GCC_INLINES_ARE_PRIVATE_EXTERN = NO;
				GCC_PRECOMPILE_PREFIX_HEADER = YES;
				GCC_PREFIX_HEADER = ios/Prefix.pch;
				GCC_PREPROCESSOR_DEFINITIONS = (
					USE_FILE32API,
					CC_TARGET_OS_IPHONE,
					"COCOS2D_DEBUG=1",
					"CC_ENABLE_CHIPMUNK_INTEGRATION=1",
				);
				GCC_SYMBOLS_PRIVATE_EXTERN = NO;
				HEADER_SEARCH_PATHS = (
					"$(inherited)",
					"$(SRCROOT)/../cocos2d/cocos/platform/ios",
					"$(SRCROOT)/../cocos2d/cocos/platform/ios/Simulation",
				);
				INFOPLIST_FILE = ios/Info.plist;
				IPHONEOS_DEPLOYMENT_TARGET = 5.0;
				LIBRARY_SEARCH_PATHS = "";
				OTHER_LDFLAGS = (
					"$(_COCOS_LIB_IOS_BEGIN)",
					"$(_COCOS_LIB_IOS_END)",
				);
				SDKROOT = iphoneos;
				TARGETED_DEVICE_FAMILY = "1,2";
				USER_HEADER_SEARCH_PATHS = "$(_COCOS_HEADER_IOS_BEGIN) $(_COCOS_HEADER_IOS_END)";
				VALID_ARCHS = "arm64 armv7";
			};
			name = Debug;
		};
		1D6058950D05DD3E006BFB54 /* Release */ = {
			isa = XCBuildConfiguration;
			buildSettings = {
				ALWAYS_SEARCH_USER_PATHS = YES;
				ASSETCATALOG_COMPILER_APPICON_NAME = AppIcon;
				ASSETCATALOG_COMPILER_LAUNCHIMAGE_NAME = LaunchImage;
				CODE_SIGN_IDENTITY = "iPhone Developer";
				COMPRESS_PNG_FILES = NO;
				GCC_INLINES_ARE_PRIVATE_EXTERN = NO;
				GCC_PRECOMPILE_PREFIX_HEADER = YES;
				GCC_PREFIX_HEADER = ios/Prefix.pch;
				GCC_PREPROCESSOR_DEFINITIONS = (
					USE_FILE32API,
					CC_TARGET_OS_IPHONE,
					"CC_ENABLE_CHIPMUNK_INTEGRATION=1",
				);
				GCC_SYMBOLS_PRIVATE_EXTERN = NO;
				HEADER_SEARCH_PATHS = (
					"$(inherited)",
					"$(SRCROOT)/../cocos2d/cocos/platform/ios",
					"$(SRCROOT)/../cocos2d/cocos/platform/ios/Simulation",
				);
				INFOPLIST_FILE = ios/Info.plist;
				IPHONEOS_DEPLOYMENT_TARGET = 5.0;
				LIBRARY_SEARCH_PATHS = "";
				OTHER_LDFLAGS = (
					"$(_COCOS_LIB_IOS_BEGIN)",
					"$(_COCOS_LIB_IOS_END)",
				);
				SDKROOT = iphoneos;
				TARGETED_DEVICE_FAMILY = "1,2";
				USER_HEADER_SEARCH_PATHS = "$(_COCOS_HEADER_IOS_BEGIN) $(_COCOS_HEADER_IOS_END)";
				VALID_ARCHS = "arm64 armv7";
			};
			name = Release;
		};
		5087E76D17EB910900C73F5D /* Debug */ = {
			isa = XCBuildConfiguration;
			buildSettings = {
				ALWAYS_SEARCH_USER_PATHS = YES;
				ARCHS = "$(ARCHS_STANDARD_64_BIT)";
				ASSETCATALOG_COMPILER_APPICON_NAME = AppIcon;
				CLANG_CXX_LANGUAGE_STANDARD = "c++0x";
				CLANG_CXX_LIBRARY = "libc++";
				GCC_DYNAMIC_NO_PIC = NO;
				GCC_INLINES_ARE_PRIVATE_EXTERN = NO;
				GCC_PRECOMPILE_PREFIX_HEADER = YES;
				GCC_PREFIX_HEADER = mac/Prefix.pch;
				GCC_PREPROCESSOR_DEFINITIONS = (
					USE_FILE32API,
					CC_TARGET_OS_MAC,
					"COCOS2D_DEBUG=1",
					"CC_ENABLE_CHIPMUNK_INTEGRATION=1",
				);
				GCC_SYMBOLS_PRIVATE_EXTERN = NO;
				HEADER_SEARCH_PATHS = (
					"$(inherited)",
					"$(SRCROOT)/../cocos2d/cocos/platform/mac",
					"$(SRCROOT)/../cocos2d/external/glfw3/include/mac",
				);
				INFOPLIST_FILE = mac/Info.plist;
				LIBRARY_SEARCH_PATHS = "";
				OTHER_LDFLAGS = (
					"$(_COCOS_LIB_MAC_BEGIN)",
					"$(_COCOS_LIB_MAC_END)",
				);
				USER_HEADER_SEARCH_PATHS = "$(_COCOS_HEADER_MAC_BEGIN) $(_COCOS_HEADER_MAC_END)";
			};
			name = Debug;
		};
		5087E76E17EB910900C73F5D /* Release */ = {
			isa = XCBuildConfiguration;
			buildSettings = {
				ALWAYS_SEARCH_USER_PATHS = YES;
				ARCHS = "$(ARCHS_STANDARD_64_BIT)";
				ASSETCATALOG_COMPILER_APPICON_NAME = AppIcon;
				CLANG_CXX_LANGUAGE_STANDARD = "c++0x";
				CLANG_CXX_LIBRARY = "libc++";
				GCC_INLINES_ARE_PRIVATE_EXTERN = NO;
				GCC_PRECOMPILE_PREFIX_HEADER = YES;
				GCC_PREFIX_HEADER = mac/Prefix.pch;
				GCC_PREPROCESSOR_DEFINITIONS = (
					USE_FILE32API,
					CC_TARGET_OS_MAC,
					"CC_ENABLE_CHIPMUNK_INTEGRATION=1",
				);
				GCC_SYMBOLS_PRIVATE_EXTERN = NO;
				HEADER_SEARCH_PATHS = (
					"$(inherited)",
					"$(SRCROOT)/../cocos2d/cocos/platform/mac",
					"$(SRCROOT)/../cocos2d/external/glfw3/include/mac",
				);
				INFOPLIST_FILE = mac/Info.plist;
				LIBRARY_SEARCH_PATHS = "";
				OTHER_LDFLAGS = (
					"$(_COCOS_LIB_MAC_BEGIN)",
					"$(_COCOS_LIB_MAC_END)",
				);
				USER_HEADER_SEARCH_PATHS = "$(_COCOS_HEADER_MAC_BEGIN) $(_COCOS_HEADER_MAC_END)";
			};
			name = Release;
		};
		C01FCF4F08A954540054247B /* Debug */ = {
			isa = XCBuildConfiguration;
			buildSettings = {
				CLANG_CXX_LANGUAGE_STANDARD = "c++0x";
				CLANG_CXX_LIBRARY = "libc++";
				COPY_PHASE_STRIP = NO;
				GCC_OPTIMIZATION_LEVEL = 0;
				GCC_WARN_ABOUT_RETURN_TYPE = YES;
				GCC_WARN_UNUSED_VARIABLE = YES;
				HEADER_SEARCH_PATHS = (
					"$(SRCROOT)/../cocos2d",
					"$(SRCROOT)/../cocos2d/cocos",
					"$(SRCROOT)/../cocos2d/cocos/base",
					"$(SRCROOT)/../cocos2d/cocos/physics",
					"$(SRCROOT)/../cocos2d/cocos/math",
					"$(SRCROOT)/../cocos2d/cocos/2d",
					"$(SRCROOT)/../cocos2d/cocos/ui",
					"$(SRCROOT)/../cocos2d/cocos/network",
					"$(SRCROOT)/../cocos2d/cocos/audio/include",
					"$(SRCROOT)/../cocos2d/cocos/editor-support",
					"$(SRCROOT)/../cocos2d/extensions",
					"$(SRCROOT)/../cocos2d/external",
					"$(SRCROOT)/../cocos2d/external/chipmunk/include/chipmunk",
				);
				MACOSX_DEPLOYMENT_TARGET = 10.7;
				ONLY_ACTIVE_ARCH = YES;
				PRODUCT_NAME = "$(TARGET_NAME)";
				SDKROOT = macosx;
			};
			name = Debug;
		};
		C01FCF5008A954540054247B /* Release */ = {
			isa = XCBuildConfiguration;
			buildSettings = {
				CLANG_CXX_LANGUAGE_STANDARD = "c++0x";
				CLANG_CXX_LIBRARY = "libc++";
				GCC_WARN_ABOUT_RETURN_TYPE = YES;
				GCC_WARN_UNUSED_VARIABLE = YES;
				HEADER_SEARCH_PATHS = (
					"$(SRCROOT)/../cocos2d",
					"$(SRCROOT)/../cocos2d/cocos",
					"$(SRCROOT)/../cocos2d/cocos/base",
					"$(SRCROOT)/../cocos2d/cocos/physics",
					"$(SRCROOT)/../cocos2d/cocos/math",
					"$(SRCROOT)/../cocos2d/cocos/2d",
					"$(SRCROOT)/../cocos2d/cocos/ui",
					"$(SRCROOT)/../cocos2d/cocos/network",
					"$(SRCROOT)/../cocos2d/cocos/audio/include",
					"$(SRCROOT)/../cocos2d/cocos/editor-support",
					"$(SRCROOT)/../cocos2d/extensions",
					"$(SRCROOT)/../cocos2d/external",
					"$(SRCROOT)/../cocos2d/external/chipmunk/include/chipmunk",
				);
				MACOSX_DEPLOYMENT_TARGET = 10.7;
				OTHER_CFLAGS = "-DNS_BLOCK_ASSERTIONS=1";
				PRODUCT_NAME = "$(TARGET_NAME)";
				SDKROOT = macosx;
				VALIDATE_PRODUCT = YES;
			};
			name = Release;
		};
/* End XCBuildConfiguration section */

/* Begin XCConfigurationList section */
		1D6058960D05DD3E006BFB54 /* Build configuration list for PBXNativeTarget "MasmorraDados iOS" */ = {
			isa = XCConfigurationList;
			buildConfigurations = (
				1D6058940D05DD3E006BFB54 /* Debug */,
				1D6058950D05DD3E006BFB54 /* Release */,
			);
			defaultConfigurationIsVisible = 0;
			defaultConfigurationName = Debug;
		};
		5087E76C17EB910900C73F5D /* Build configuration list for PBXNativeTarget "MasmorraDados Mac" */ = {
			isa = XCConfigurationList;
			buildConfigurations = (
				5087E76D17EB910900C73F5D /* Debug */,
				5087E76E17EB910900C73F5D /* Release */,
			);
			defaultConfigurationIsVisible = 0;
			defaultConfigurationName = Debug;
		};
		C01FCF4E08A954540054247B /* Build configuration list for PBXProject "MasmorraDados" */ = {
			isa = XCConfigurationList;
			buildConfigurations = (
				C01FCF4F08A954540054247B /* Debug */,
				C01FCF5008A954540054247B /* Release */,
			);
			defaultConfigurationIsVisible = 0;
			defaultConfigurationName = Debug;
		};
/* End XCConfigurationList section */
	};
	rootObject = 29B97313FDCFA39411CA2CEA /* Project object */;
}
